// !$*UTF8*$!
{
	archiveVersion = 1;
	classes = {
	};
	objectVersion = 46;
	objects = {

/* Begin PBXBuildFile section */
		E508C8891CE8E1510082F2F0 /* RacController.swift in Sources */ = {isa = PBXBuildFile; fileRef = E508C8881CE8E1510082F2F0 /* RacController.swift */; };
		E5280FEB1CE0D3DA0064A3AE /* EntityController.swift in Sources */ = {isa = PBXBuildFile; fileRef = E5280FEA1CE0D3DA0064A3AE /* EntityController.swift */; };
		E528106A1CE0DD410064A3AE /* RxCocoa.framework in Frameworks */ = {isa = PBXBuildFile; fileRef = E528104B1CE0DCA10064A3AE /* RxCocoa.framework */; };
		E528106B1CE0DD410064A3AE /* RxSwift.framework in Frameworks */ = {isa = PBXBuildFile; fileRef = E52810431CE0DCA10064A3AE /* RxSwift.framework */; };
		E52810891CE0DED20064A3AE /* RealmSwift.framework in Frameworks */ = {isa = PBXBuildFile; fileRef = E52810841CE0DD970064A3AE /* RealmSwift.framework */; };
		E528108B1CE0DF230064A3AE /* Realm.framework in Copy Frameworks */ = {isa = PBXBuildFile; fileRef = E528107A1CE0DD970064A3AE /* Realm.framework */; settings = {ATTRIBUTES = (CodeSignOnCopy, RemoveHeadersOnCopy, ); }; };
		E528108D1CE0DF890064A3AE /* RLMSupport.swift in Sources */ = {isa = PBXBuildFile; fileRef = E528108C1CE0DF890064A3AE /* RLMSupport.swift */; };
		E59F03201CDF7BAB004F5540 /* AppDelegate.swift in Sources */ = {isa = PBXBuildFile; fileRef = E59F031F1CDF7BAB004F5540 /* AppDelegate.swift */; };
		E59F03221CDF7BAB004F5540 /* ViewController.swift in Sources */ = {isa = PBXBuildFile; fileRef = E59F03211CDF7BAB004F5540 /* ViewController.swift */; };
		E59F03251CDF7BAB004F5540 /* Main.storyboard in Resources */ = {isa = PBXBuildFile; fileRef = E59F03231CDF7BAB004F5540 /* Main.storyboard */; };
		E59F03271CDF7BAB004F5540 /* Assets.xcassets in Resources */ = {isa = PBXBuildFile; fileRef = E59F03261CDF7BAB004F5540 /* Assets.xcassets */; };
		E59F032A1CDF7BAB004F5540 /* LaunchScreen.storyboard in Resources */ = {isa = PBXBuildFile; fileRef = E59F03281CDF7BAB004F5540 /* LaunchScreen.storyboard */; };
		E59F03491CDF811C004F5540 /* Alamofire.framework in Frameworks */ = {isa = PBXBuildFile; fileRef = E59F033C1CDF8050004F5540 /* Alamofire.framework */; };
		E59F034A1CDF811C004F5540 /* Alamofire.framework in Embed Frameworks */ = {isa = PBXBuildFile; fileRef = E59F033C1CDF8050004F5540 /* Alamofire.framework */; settings = {ATTRIBUTES = (CodeSignOnCopy, RemoveHeadersOnCopy, ); }; };
		E5A63D031CE49B5D001ABAB4 /* RxController.swift in Sources */ = {isa = PBXBuildFile; fileRef = E5A63D021CE49B5D001ABAB4 /* RxController.swift */; };
/* End PBXBuildFile section */

/* Begin PBXContainerItemProxy section */
		E508C8621CE8E0F80082F2F0 /* PBXContainerItemProxy */ = {
			isa = PBXContainerItemProxy;
			containerPortal = E508C82F1CE8E0F80082F2F0 /* SwiftyJSON.xcodeproj */;
			proxyType = 2;
			remoteGlobalIDString = 2E4FEFDB19575BE100351305;
			remoteInfo = "SwiftyJSON iOS";
		};
		E508C8641CE8E0F80082F2F0 /* PBXContainerItemProxy */ = {
			isa = PBXContainerItemProxy;
			containerPortal = E508C82F1CE8E0F80082F2F0 /* SwiftyJSON.xcodeproj */;
			proxyType = 2;
			remoteGlobalIDString = 2E4FEFE619575BE100351305;
			remoteInfo = "SwiftyJSON iOS Tests";
		};
		E508C8661CE8E0F80082F2F0 /* PBXContainerItemProxy */ = {
			isa = PBXContainerItemProxy;
			containerPortal = E508C82F1CE8E0F80082F2F0 /* SwiftyJSON.xcodeproj */;
			proxyType = 2;
			remoteGlobalIDString = 9C7DFC5B1A9102BD005AA3F7;
			remoteInfo = "SwiftyJSON OSX";
		};
		E508C8681CE8E0F80082F2F0 /* PBXContainerItemProxy */ = {
			isa = PBXContainerItemProxy;
			containerPortal = E508C82F1CE8E0F80082F2F0 /* SwiftyJSON.xcodeproj */;
			proxyType = 2;
			remoteGlobalIDString = 9C7DFC651A9102BD005AA3F7;
			remoteInfo = "SwiftyJSON OSX Tests";
		};
		E508C86A1CE8E0F80082F2F0 /* PBXContainerItemProxy */ = {
			isa = PBXContainerItemProxy;
			containerPortal = E508C82F1CE8E0F80082F2F0 /* SwiftyJSON.xcodeproj */;
			proxyType = 2;
			remoteGlobalIDString = E4D7CCE81B9465A700EE7221;
			remoteInfo = "SwiftyJSON watchOS";
		};
		E508C86C1CE8E0F80082F2F0 /* PBXContainerItemProxy */ = {
			isa = PBXContainerItemProxy;
			containerPortal = E508C82F1CE8E0F80082F2F0 /* SwiftyJSON.xcodeproj */;
			proxyType = 2;
			remoteGlobalIDString = 7236B4F61BAC14150020529B;
			remoteInfo = "SwiftyJSON tvOS";
		};
		E508C86E1CE8E0F80082F2F0 /* PBXContainerItemProxy */ = {
			isa = PBXContainerItemProxy;
			containerPortal = E508C82F1CE8E0F80082F2F0 /* SwiftyJSON.xcodeproj */;
			proxyType = 2;
			remoteGlobalIDString = A8580F741BCF5C5B00DA927B;
			remoteInfo = "SwiftyJSON tvOS Tests";
		};
		E508C87A1CE8E1100082F2F0 /* PBXContainerItemProxy */ = {
			isa = PBXContainerItemProxy;
			containerPortal = E508C8701CE8E1100082F2F0 /* ReactiveCocoa.xcodeproj */;
			proxyType = 2;
			remoteGlobalIDString = D04725EA19E49ED7006002AA;
			remoteInfo = "ReactiveCocoa-Mac";
		};
		E508C87C1CE8E1100082F2F0 /* PBXContainerItemProxy */ = {
			isa = PBXContainerItemProxy;
			containerPortal = E508C8701CE8E1100082F2F0 /* ReactiveCocoa.xcodeproj */;
			proxyType = 2;
			remoteGlobalIDString = D04725F519E49ED7006002AA;
			remoteInfo = "ReactiveCocoa-MacTests";
		};
		E508C87E1CE8E1100082F2F0 /* PBXContainerItemProxy */ = {
			isa = PBXContainerItemProxy;
			containerPortal = E508C8701CE8E1100082F2F0 /* ReactiveCocoa.xcodeproj */;
			proxyType = 2;
			remoteGlobalIDString = D047260C19E49F82006002AA;
			remoteInfo = "ReactiveCocoa-iOS";
		};
		E508C8801CE8E1100082F2F0 /* PBXContainerItemProxy */ = {
			isa = PBXContainerItemProxy;
			containerPortal = E508C8701CE8E1100082F2F0 /* ReactiveCocoa.xcodeproj */;
			proxyType = 2;
			remoteGlobalIDString = D047261619E49F82006002AA;
			remoteInfo = "ReactiveCocoa-iOSTests";
		};
		E508C8821CE8E1100082F2F0 /* PBXContainerItemProxy */ = {
			isa = PBXContainerItemProxy;
			containerPortal = E508C8701CE8E1100082F2F0 /* ReactiveCocoa.xcodeproj */;
			proxyType = 2;
			remoteGlobalIDString = A9B315541B3940610001CB9C;
			remoteInfo = "ReactiveCocoa-watchOS";
		};
		E508C8841CE8E1100082F2F0 /* PBXContainerItemProxy */ = {
			isa = PBXContainerItemProxy;
			containerPortal = E508C8701CE8E1100082F2F0 /* ReactiveCocoa.xcodeproj */;
			proxyType = 2;
			remoteGlobalIDString = 57A4D2411BA13D7A00F7D4B1;
			remoteInfo = "ReactiveCocoa-tvOS";
		};
		E508C8861CE8E1100082F2F0 /* PBXContainerItemProxy */ = {
			isa = PBXContainerItemProxy;
			containerPortal = E508C8701CE8E1100082F2F0 /* ReactiveCocoa.xcodeproj */;
			proxyType = 2;
			remoteGlobalIDString = 7DFBED031CDB8C9500EE435B;
			remoteInfo = "ReactiveCocoa-tvOSTests";
		};
		E52810421CE0DCA10064A3AE /* PBXContainerItemProxy */ = {
			isa = PBXContainerItemProxy;
			containerPortal = E528102B1CE0DCA10064A3AE /* Rx.xcodeproj */;
			proxyType = 2;
			remoteGlobalIDString = C8A56AD71AD7424700B4673B;
			remoteInfo = "RxSwift-iOS";
		};
		E52810441CE0DCA10064A3AE /* PBXContainerItemProxy */ = {
			isa = PBXContainerItemProxy;
			containerPortal = E528102B1CE0DCA10064A3AE /* Rx.xcodeproj */;
			proxyType = 2;
			remoteGlobalIDString = C88BB8711B07E5ED0064D411;
			remoteInfo = "RxSwift-OSX";
		};
		E52810461CE0DCA10064A3AE /* PBXContainerItemProxy */ = {
			isa = PBXContainerItemProxy;
			containerPortal = E528102B1CE0DCA10064A3AE /* Rx.xcodeproj */;
			proxyType = 2;
			remoteGlobalIDString = D2EA280C1BB9B5A200880ED3;
			remoteInfo = "RxSwift-tvOS";
		};
		E52810481CE0DCA10064A3AE /* PBXContainerItemProxy */ = {
			isa = PBXContainerItemProxy;
			containerPortal = E528102B1CE0DCA10064A3AE /* Rx.xcodeproj */;
			proxyType = 2;
			remoteGlobalIDString = C8F0C0021BBBFB8B001B112F;
			remoteInfo = "RxSwift-watchOS";
		};
		E528104A1CE0DCA10064A3AE /* PBXContainerItemProxy */ = {
			isa = PBXContainerItemProxy;
			containerPortal = E528102B1CE0DCA10064A3AE /* Rx.xcodeproj */;
			proxyType = 2;
			remoteGlobalIDString = C809396D1B8A71760088E94D;
			remoteInfo = "RxCocoa-iOS";
		};
		E528104C1CE0DCA10064A3AE /* PBXContainerItemProxy */ = {
			isa = PBXContainerItemProxy;
			containerPortal = E528102B1CE0DCA10064A3AE /* Rx.xcodeproj */;
			proxyType = 2;
			remoteGlobalIDString = C80939E71B8A71840088E94D;
			remoteInfo = "RxCocoa-OSX";
		};
		E528104E1CE0DCA10064A3AE /* PBXContainerItemProxy */ = {
			isa = PBXContainerItemProxy;
			containerPortal = E528102B1CE0DCA10064A3AE /* Rx.xcodeproj */;
			proxyType = 2;
			remoteGlobalIDString = D2138C751BB9BE9800339B5C;
			remoteInfo = "RxCocoa-tvOS";
		};
		E52810501CE0DCA10064A3AE /* PBXContainerItemProxy */ = {
			isa = PBXContainerItemProxy;
			containerPortal = E528102B1CE0DCA10064A3AE /* Rx.xcodeproj */;
			proxyType = 2;
			remoteGlobalIDString = C8F0C04B1BBBFBB9001B112F;
			remoteInfo = "RxCocoa-watchOS";
		};
		E52810521CE0DCA10064A3AE /* PBXContainerItemProxy */ = {
			isa = PBXContainerItemProxy;
			containerPortal = E528102B1CE0DCA10064A3AE /* Rx.xcodeproj */;
			proxyType = 2;
			remoteGlobalIDString = C8093BC71B8A71F00088E94D;
			remoteInfo = "RxBlocking-iOS";
		};
		E52810541CE0DCA10064A3AE /* PBXContainerItemProxy */ = {
			isa = PBXContainerItemProxy;
			containerPortal = E528102B1CE0DCA10064A3AE /* Rx.xcodeproj */;
			proxyType = 2;
			remoteGlobalIDString = C8093C451B8A71FC0088E94D;
			remoteInfo = "RxBlocking-OSX";
		};
		E52810561CE0DCA10064A3AE /* PBXContainerItemProxy */ = {
			isa = PBXContainerItemProxy;
			containerPortal = E528102B1CE0DCA10064A3AE /* Rx.xcodeproj */;
			proxyType = 2;
			remoteGlobalIDString = D2EBEB811BB9B99D003A27DC;
			remoteInfo = "RxBlocking-tvOS";
		};
		E52810581CE0DCA10064A3AE /* PBXContainerItemProxy */ = {
			isa = PBXContainerItemProxy;
			containerPortal = E528102B1CE0DCA10064A3AE /* Rx.xcodeproj */;
			proxyType = 2;
			remoteGlobalIDString = C8F0C0581BBBFBCE001B112F;
			remoteInfo = "RxBlocking-watchOS";
		};
		E528105A1CE0DCA10064A3AE /* PBXContainerItemProxy */ = {
			isa = PBXContainerItemProxy;
			containerPortal = E528102B1CE0DCA10064A3AE /* Rx.xcodeproj */;
			proxyType = 2;
			remoteGlobalIDString = C88FA50C1C25C44800CCFEA4;
			remoteInfo = "RxTests-iOS";
		};
		E528105C1CE0DCA10064A3AE /* PBXContainerItemProxy */ = {
			isa = PBXContainerItemProxy;
			containerPortal = E528102B1CE0DCA10064A3AE /* Rx.xcodeproj */;
			proxyType = 2;
			remoteGlobalIDString = C88FA51D1C25C4B500CCFEA4;
			remoteInfo = "RxTests-OSX";
		};
		E528105E1CE0DCA10064A3AE /* PBXContainerItemProxy */ = {
			isa = PBXContainerItemProxy;
			containerPortal = E528102B1CE0DCA10064A3AE /* Rx.xcodeproj */;
			proxyType = 2;
			remoteGlobalIDString = C88FA52E1C25C4C000CCFEA4;
			remoteInfo = "RxTests-tvOS";
		};
		E52810601CE0DCA10064A3AE /* PBXContainerItemProxy */ = {
			isa = PBXContainerItemProxy;
			containerPortal = E528102B1CE0DCA10064A3AE /* Rx.xcodeproj */;
			proxyType = 2;
			remoteGlobalIDString = C88FA53F1C25C4CC00CCFEA4;
			remoteInfo = "RxTests-watchOS";
		};
		E52810621CE0DCA10064A3AE /* PBXContainerItemProxy */ = {
			isa = PBXContainerItemProxy;
			containerPortal = E528102B1CE0DCA10064A3AE /* Rx.xcodeproj */;
			proxyType = 2;
			remoteGlobalIDString = C83508C31C386F6F0027C24C;
			remoteInfo = "AllTests-iOS";
		};
		E52810641CE0DCA10064A3AE /* PBXContainerItemProxy */ = {
			isa = PBXContainerItemProxy;
			containerPortal = E528102B1CE0DCA10064A3AE /* Rx.xcodeproj */;
			proxyType = 2;
			remoteGlobalIDString = C83509841C38740E0027C24C;
			remoteInfo = "AllTests-tvOS";
		};
		E52810661CE0DCA10064A3AE /* PBXContainerItemProxy */ = {
			isa = PBXContainerItemProxy;
			containerPortal = E528102B1CE0DCA10064A3AE /* Rx.xcodeproj */;
			proxyType = 2;
			remoteGlobalIDString = C83509941C38742C0027C24C;
			remoteInfo = "AllTests-OSX";
		};
		E52810681CE0DCA10064A3AE /* PBXContainerItemProxy */ = {
			isa = PBXContainerItemProxy;
			containerPortal = E528102B1CE0DCA10064A3AE /* Rx.xcodeproj */;
			proxyType = 2;
			remoteGlobalIDString = C85BA04B1C3878740075D68E;
			remoteInfo = PerformanceTests;
		};
		E52810791CE0DD970064A3AE /* PBXContainerItemProxy */ = {
			isa = PBXContainerItemProxy;
			containerPortal = E528106C1CE0DD970064A3AE /* Realm.xcodeproj */;
			proxyType = 2;
			remoteGlobalIDString = 5D659ED91BE04556006515A0;
			remoteInfo = Realm;
		};
		E528107B1CE0DD970064A3AE /* PBXContainerItemProxy */ = {
			isa = PBXContainerItemProxy;
			containerPortal = E528106C1CE0DD970064A3AE /* Realm.xcodeproj */;
			proxyType = 2;
			remoteGlobalIDString = 5DD755CF1BE056DE002800DA;
			remoteInfo = "Realm iOS static";
		};
		E528107D1CE0DD970064A3AE /* PBXContainerItemProxy */ = {
			isa = PBXContainerItemProxy;
			containerPortal = E528106C1CE0DD970064A3AE /* Realm.xcodeproj */;
			proxyType = 2;
			remoteGlobalIDString = E8D89BA31955FC6D00CF2B9A;
			remoteInfo = Tests;
		};
		E528107F1CE0DD970064A3AE /* PBXContainerItemProxy */ = {
			isa = PBXContainerItemProxy;
			containerPortal = E528106C1CE0DD970064A3AE /* Realm.xcodeproj */;
			proxyType = 2;
			remoteGlobalIDString = E856D1DF195614A400FB2FCF;
			remoteInfo = "iOS static tests";
		};
		E52810811CE0DD970064A3AE /* PBXContainerItemProxy */ = {
			isa = PBXContainerItemProxy;
			containerPortal = E528106C1CE0DD970064A3AE /* Realm.xcodeproj */;
			proxyType = 2;
			remoteGlobalIDString = 3F1A5E721992EB7400F45F4C;
			remoteInfo = TestHost;
		};
		E52810831CE0DD970064A3AE /* PBXContainerItemProxy */ = {
			isa = PBXContainerItemProxy;
			containerPortal = E528106C1CE0DD970064A3AE /* Realm.xcodeproj */;
			proxyType = 2;
			remoteGlobalIDString = 5D660FCC1BE98C560021E04F;
			remoteInfo = RealmSwift;
		};
		E52810851CE0DD970064A3AE /* PBXContainerItemProxy */ = {
			isa = PBXContainerItemProxy;
			containerPortal = E528106C1CE0DD970064A3AE /* Realm.xcodeproj */;
			proxyType = 2;
			remoteGlobalIDString = 5D660FD81BE98C7C0021E04F;
			remoteInfo = "RealmSwift Tests";
		};
		E52810871CE0DE640064A3AE /* PBXContainerItemProxy */ = {
			isa = PBXContainerItemProxy;
			containerPortal = E528106C1CE0DD970064A3AE /* Realm.xcodeproj */;
			proxyType = 1;
			remoteGlobalIDString = 5D660FCB1BE98C560021E04F;
			remoteInfo = RealmSwift;
		};
		E5362D7B1CE546EB005678B5 /* PBXContainerItemProxy */ = {
			isa = PBXContainerItemProxy;
			containerPortal = E5362D4F1CE546EB005678B5 /* RxAlamofire.xcodeproj */;
			proxyType = 2;
			remoteGlobalIDString = CB40E3F21B89C59F00D1DB5A;
			remoteInfo = RxAlamofireExample;
		};
		E5362D7D1CE546EB005678B5 /* PBXContainerItemProxy */ = {
			isa = PBXContainerItemProxy;
			containerPortal = E5362D4F1CE546EB005678B5 /* RxAlamofire.xcodeproj */;
			proxyType = 2;
			remoteGlobalIDString = C89A0D2B1BE0D50E00744695;
			remoteInfo = "RxAlamofire-iOS";
		};
		E5362D7F1CE546EB005678B5 /* PBXContainerItemProxy */ = {
			isa = PBXContainerItemProxy;
			containerPortal = E5362D4F1CE546EB005678B5 /* RxAlamofire.xcodeproj */;
			proxyType = 2;
			remoteGlobalIDString = CB30D9D71BF09E9C0084C1C0;
			remoteInfo = RxAlamofireTests;
		};
		E5362D811CE546EB005678B5 /* PBXContainerItemProxy */ = {
			isa = PBXContainerItemProxy;
			containerPortal = E5362D4F1CE546EB005678B5 /* RxAlamofire.xcodeproj */;
			proxyType = 2;
			remoteGlobalIDString = 181B4FF71C4D74A8000BA6D6;
			remoteInfo = RxAlamofire;
		};
		E5362D831CE546EB005678B5 /* PBXContainerItemProxy */ = {
			isa = PBXContainerItemProxy;
			containerPortal = E5362D4F1CE546EB005678B5 /* RxAlamofire.xcodeproj */;
			proxyType = 2;
			remoteGlobalIDString = 637D95711C4E370C00F1FA67;
			remoteInfo = "RxAlamofire-tvOS";
		};
		E5362D851CE546EB005678B5 /* PBXContainerItemProxy */ = {
			isa = PBXContainerItemProxy;
			containerPortal = E5362D4F1CE546EB005678B5 /* RxAlamofire.xcodeproj */;
			proxyType = 2;
			remoteGlobalIDString = 637D957F1C4E374500F1FA67;
			remoteInfo = RxAlamofiretvOSExample;
		};
		E59F033B1CDF8050004F5540 /* PBXContainerItemProxy */ = {
			isa = PBXContainerItemProxy;
			containerPortal = E59F03311CDF8050004F5540 /* Alamofire.xcodeproj */;
			proxyType = 2;
			remoteGlobalIDString = F8111E3319A95C8B0040E7D1;
			remoteInfo = "Alamofire iOS";
		};
		E59F033D1CDF8050004F5540 /* PBXContainerItemProxy */ = {
			isa = PBXContainerItemProxy;
			containerPortal = E59F03311CDF8050004F5540 /* Alamofire.xcodeproj */;
			proxyType = 2;
			remoteGlobalIDString = F8111E3E19A95C8B0040E7D1;
			remoteInfo = "Alamofire iOS Tests";
		};
		E59F033F1CDF8050004F5540 /* PBXContainerItemProxy */ = {
			isa = PBXContainerItemProxy;
			containerPortal = E59F03311CDF8050004F5540 /* Alamofire.xcodeproj */;
			proxyType = 2;
			remoteGlobalIDString = 4DD67C0B1A5C55C900ED2280;
			remoteInfo = "Alamofire OSX";
		};
		E59F03411CDF8050004F5540 /* PBXContainerItemProxy */ = {
			isa = PBXContainerItemProxy;
			containerPortal = E59F03311CDF8050004F5540 /* Alamofire.xcodeproj */;
			proxyType = 2;
			remoteGlobalIDString = F829C6B21A7A94F100A2CD59;
			remoteInfo = "Alamofire OSX Tests";
		};
		E59F03431CDF8050004F5540 /* PBXContainerItemProxy */ = {
			isa = PBXContainerItemProxy;
			containerPortal = E59F03311CDF8050004F5540 /* Alamofire.xcodeproj */;
			proxyType = 2;
			remoteGlobalIDString = 4CF626EF1BA7CB3E0011A099;
			remoteInfo = "Alamofire tvOS";
		};
		E59F03451CDF8050004F5540 /* PBXContainerItemProxy */ = {
			isa = PBXContainerItemProxy;
			containerPortal = E59F03311CDF8050004F5540 /* Alamofire.xcodeproj */;
			proxyType = 2;
			remoteGlobalIDString = 4CF626F81BA7CB3E0011A099;
			remoteInfo = "Alamofire tvOS Tests";
		};
		E59F03471CDF8050004F5540 /* PBXContainerItemProxy */ = {
			isa = PBXContainerItemProxy;
			containerPortal = E59F03311CDF8050004F5540 /* Alamofire.xcodeproj */;
			proxyType = 2;
			remoteGlobalIDString = E4202FE01B667AA100C997FB;
			remoteInfo = "Alamofire watchOS";
		};
		E59F034B1CDF811C004F5540 /* PBXContainerItemProxy */ = {
			isa = PBXContainerItemProxy;
			containerPortal = E59F03311CDF8050004F5540 /* Alamofire.xcodeproj */;
			proxyType = 1;
			remoteGlobalIDString = F8111E3219A95C8B0040E7D1;
			remoteInfo = "Alamofire iOS";
		};
/* End PBXContainerItemProxy section */

/* Begin PBXCopyFilesBuildPhase section */
		E528108A1CE0DEE70064A3AE /* Copy Frameworks */ = {
			isa = PBXCopyFilesBuildPhase;
			buildActionMask = 2147483647;
			dstPath = "";
			dstSubfolderSpec = 10;
			files = (
				E528108B1CE0DF230064A3AE /* Realm.framework in Copy Frameworks */,
			);
			name = "Copy Frameworks";
			runOnlyForDeploymentPostprocessing = 0;
		};
		E59F034D1CDF811C004F5540 /* Embed Frameworks */ = {
			isa = PBXCopyFilesBuildPhase;
			buildActionMask = 2147483647;
			dstPath = "";
			dstSubfolderSpec = 10;
			files = (
				E59F034A1CDF811C004F5540 /* Alamofire.framework in Embed Frameworks */,
			);
			name = "Embed Frameworks";
			runOnlyForDeploymentPostprocessing = 0;
		};
/* End PBXCopyFilesBuildPhase section */

/* Begin PBXFileReference section */
		E508C82F1CE8E0F80082F2F0 /* SwiftyJSON.xcodeproj */ = {isa = PBXFileReference; lastKnownFileType = "wrapper.pb-project"; name = SwiftyJSON.xcodeproj; path = SwiftyJSON/SwiftyJSON.xcodeproj; sourceTree = "<group>"; };
		E508C8701CE8E1100082F2F0 /* ReactiveCocoa.xcodeproj */ = {isa = PBXFileReference; lastKnownFileType = "wrapper.pb-project"; name = ReactiveCocoa.xcodeproj; path = ReactiveCocoa/ReactiveCocoa.xcodeproj; sourceTree = "<group>"; };
		E508C8881CE8E1510082F2F0 /* RacController.swift */ = {isa = PBXFileReference; fileEncoding = 4; lastKnownFileType = sourcecode.swift; path = RacController.swift; sourceTree = "<group>"; };
		E5280FEA1CE0D3DA0064A3AE /* EntityController.swift */ = {isa = PBXFileReference; fileEncoding = 4; lastKnownFileType = sourcecode.swift; path = EntityController.swift; sourceTree = "<group>"; };
		E528102B1CE0DCA10064A3AE /* Rx.xcodeproj */ = {isa = PBXFileReference; lastKnownFileType = "wrapper.pb-project"; name = Rx.xcodeproj; path = RxSwift/Rx.xcodeproj; sourceTree = "<group>"; };
		E528106C1CE0DD970064A3AE /* Realm.xcodeproj */ = {isa = PBXFileReference; lastKnownFileType = "wrapper.pb-project"; name = Realm.xcodeproj; path = "realm-cocoa/Realm.xcodeproj"; sourceTree = "<group>"; };
		E528108C1CE0DF890064A3AE /* RLMSupport.swift */ = {isa = PBXFileReference; fileEncoding = 4; lastKnownFileType = sourcecode.swift; name = RLMSupport.swift; path = "realm-cocoa/Realm/Swift/RLMSupport.swift"; sourceTree = "<group>"; };
		E5362D4F1CE546EB005678B5 /* RxAlamofire.xcodeproj */ = {isa = PBXFileReference; lastKnownFileType = "wrapper.pb-project"; name = RxAlamofire.xcodeproj; path = RxAlamofire/RxAlamofire.xcodeproj; sourceTree = "<group>"; };
		E59F031C1CDF7BAB004F5540 /* hello-alamofire-realm.app */ = {isa = PBXFileReference; explicitFileType = wrapper.application; includeInIndex = 0; path = "hello-alamofire-realm.app"; sourceTree = BUILT_PRODUCTS_DIR; };
		E59F031F1CDF7BAB004F5540 /* AppDelegate.swift */ = {isa = PBXFileReference; lastKnownFileType = sourcecode.swift; path = AppDelegate.swift; sourceTree = "<group>"; };
		E59F03211CDF7BAB004F5540 /* ViewController.swift */ = {isa = PBXFileReference; lastKnownFileType = sourcecode.swift; path = ViewController.swift; sourceTree = "<group>"; };
		E59F03241CDF7BAB004F5540 /* Base */ = {isa = PBXFileReference; lastKnownFileType = file.storyboard; name = Base; path = Base.lproj/Main.storyboard; sourceTree = "<group>"; };
		E59F03261CDF7BAB004F5540 /* Assets.xcassets */ = {isa = PBXFileReference; lastKnownFileType = folder.assetcatalog; path = Assets.xcassets; sourceTree = "<group>"; };
		E59F03291CDF7BAB004F5540 /* Base */ = {isa = PBXFileReference; lastKnownFileType = file.storyboard; name = Base; path = Base.lproj/LaunchScreen.storyboard; sourceTree = "<group>"; };
		E59F032B1CDF7BAB004F5540 /* Info.plist */ = {isa = PBXFileReference; lastKnownFileType = text.plist.xml; path = Info.plist; sourceTree = "<group>"; };
		E59F03311CDF8050004F5540 /* Alamofire.xcodeproj */ = {isa = PBXFileReference; lastKnownFileType = "wrapper.pb-project"; name = Alamofire.xcodeproj; path = Alamofire/Alamofire.xcodeproj; sourceTree = "<group>"; };
		E5A63D021CE49B5D001ABAB4 /* RxController.swift */ = {isa = PBXFileReference; fileEncoding = 4; lastKnownFileType = sourcecode.swift; path = RxController.swift; sourceTree = "<group>"; };
/* End PBXFileReference section */

/* Begin PBXFrameworksBuildPhase section */
		E59F03191CDF7BAB004F5540 /* Frameworks */ = {
			isa = PBXFrameworksBuildPhase;
			buildActionMask = 2147483647;
			files = (
				E52810891CE0DED20064A3AE /* RealmSwift.framework in Frameworks */,
				E528106A1CE0DD410064A3AE /* RxCocoa.framework in Frameworks */,
				E528106B1CE0DD410064A3AE /* RxSwift.framework in Frameworks */,
				E59F03491CDF811C004F5540 /* Alamofire.framework in Frameworks */,
			);
			runOnlyForDeploymentPostprocessing = 0;
		};
/* End PBXFrameworksBuildPhase section */

/* Begin PBXGroup section */
		E508C8301CE8E0F80082F2F0 /* Products */ = {
			isa = PBXGroup;
			children = (
				E508C8631CE8E0F80082F2F0 /* SwiftyJSON.framework */,
				E508C8651CE8E0F80082F2F0 /* SwiftyJSON iOS Tests.xctest */,
				E508C8671CE8E0F80082F2F0 /* SwiftyJSON.framework */,
				E508C8691CE8E0F80082F2F0 /* SwiftyJSON OSX Tests.xctest */,
				E508C86B1CE8E0F80082F2F0 /* SwiftyJSON.framework */,
				E508C86D1CE8E0F80082F2F0 /* SwiftyJSON.framework */,
				E508C86F1CE8E0F80082F2F0 /* SwiftyJSON tvOS Tests.xctest */,
			);
			name = Products;
			sourceTree = "<group>";
		};
		E508C8711CE8E1100082F2F0 /* Products */ = {
			isa = PBXGroup;
			children = (
				E508C87B1CE8E1100082F2F0 /* ReactiveCocoa.framework */,
				E508C87D1CE8E1100082F2F0 /* ReactiveCocoaTests.xctest */,
				E508C87F1CE8E1100082F2F0 /* ReactiveCocoa.framework */,
				E508C8811CE8E1100082F2F0 /* ReactiveCocoaTests.xctest */,
				E508C8831CE8E1100082F2F0 /* ReactiveCocoa.framework */,
				E508C8851CE8E1100082F2F0 /* ReactiveCocoa.framework */,
				E508C8871CE8E1100082F2F0 /* ReactiveCocoaTests.xctest */,
			);
			name = Products;
			sourceTree = "<group>";
		};
		E528102C1CE0DCA10064A3AE /* Products */ = {
			isa = PBXGroup;
			children = (
				E52810431CE0DCA10064A3AE /* RxSwift.framework */,
				E52810451CE0DCA10064A3AE /* RxSwift.framework */,
				E52810471CE0DCA10064A3AE /* RxSwift.framework */,
				E52810491CE0DCA10064A3AE /* RxSwift.framework */,
				E528104B1CE0DCA10064A3AE /* RxCocoa.framework */,
				E528104D1CE0DCA10064A3AE /* RxCocoa.framework */,
				E528104F1CE0DCA10064A3AE /* RxCocoa.framework */,
				E52810511CE0DCA10064A3AE /* RxCocoa.framework */,
				E52810531CE0DCA10064A3AE /* RxBlocking.framework */,
				E52810551CE0DCA10064A3AE /* RxBlocking.framework */,
				E52810571CE0DCA10064A3AE /* RxBlocking.framework */,
				E52810591CE0DCA10064A3AE /* RxBlocking.framework */,
				E528105B1CE0DCA10064A3AE /* RxTests.framework */,
				E528105D1CE0DCA10064A3AE /* RxTests.framework */,
				E528105F1CE0DCA10064A3AE /* RxTests.framework */,
				E52810611CE0DCA10064A3AE /* RxTests.framework */,
				E52810631CE0DCA10064A3AE /* AllTests-iOS.xctest */,
				E52810651CE0DCA10064A3AE /* AllTests-tvOS.xctest */,
				E52810671CE0DCA10064A3AE /* AllTests-OSX.xctest */,
				E52810691CE0DCA10064A3AE /* PerformanceTests.app */,
			);
			name = Products;
			sourceTree = "<group>";
		};
		E528106D1CE0DD970064A3AE /* Products */ = {
			isa = PBXGroup;
			children = (
				E528107A1CE0DD970064A3AE /* Realm.framework */,
				E528107C1CE0DD970064A3AE /* Realm.framework */,
				E528107E1CE0DD970064A3AE /* Tests.xctest */,
				E52810801CE0DD970064A3AE /* iOS static tests.xctest */,
				E52810821CE0DD970064A3AE /* TestHost.app */,
				E52810841CE0DD970064A3AE /* RealmSwift.framework */,
				E52810861CE0DD970064A3AE /* RealmSwift Tests.xctest */,
			);
			name = Products;
			sourceTree = "<group>";
		};
		E5362D501CE546EB005678B5 /* Products */ = {
			isa = PBXGroup;
			children = (
				E5362D7C1CE546EB005678B5 /* RxAlamofireExample.app */,
				E5362D7E1CE546EB005678B5 /* RxAlamofire.framework */,
				E5362D801CE546EB005678B5 /* RxAlamofireTests.xctest */,
				E5362D821CE546EB005678B5 /* RxAlamofire.framework */,
				E5362D841CE546EB005678B5 /* RxAlamofire.framework */,
				E5362D861CE546EB005678B5 /* RxAlamofiretvOSExample.app */,
			);
			name = Products;
			sourceTree = "<group>";
		};
		E59F03131CDF7BAB004F5540 = {
			isa = PBXGroup;
			children = (
				E508C8701CE8E1100082F2F0 /* ReactiveCocoa.xcodeproj */,
				E508C82F1CE8E0F80082F2F0 /* SwiftyJSON.xcodeproj */,
				E5362D4F1CE546EB005678B5 /* RxAlamofire.xcodeproj */,
				E528108C1CE0DF890064A3AE /* RLMSupport.swift */,
				E528106C1CE0DD970064A3AE /* Realm.xcodeproj */,
				E528102B1CE0DCA10064A3AE /* Rx.xcodeproj */,
				E59F03311CDF8050004F5540 /* Alamofire.xcodeproj */,
				E59F031E1CDF7BAB004F5540 /* hello-alamofire-realm */,
				E59F031D1CDF7BAB004F5540 /* Products */,
			);
			sourceTree = "<group>";
		};
		E59F031D1CDF7BAB004F5540 /* Products */ = {
			isa = PBXGroup;
			children = (
				E59F031C1CDF7BAB004F5540 /* hello-alamofire-realm.app */,
			);
			name = Products;
			sourceTree = "<group>";
		};
		E59F031E1CDF7BAB004F5540 /* hello-alamofire-realm */ = {
			isa = PBXGroup;
			children = (
				E59F031F1CDF7BAB004F5540 /* AppDelegate.swift */,
				E59F03211CDF7BAB004F5540 /* ViewController.swift */,
				E59F03231CDF7BAB004F5540 /* Main.storyboard */,
				E59F03261CDF7BAB004F5540 /* Assets.xcassets */,
				E59F03281CDF7BAB004F5540 /* LaunchScreen.storyboard */,
				E59F032B1CDF7BAB004F5540 /* Info.plist */,
				E5280FEA1CE0D3DA0064A3AE /* EntityController.swift */,
				E5A63D021CE49B5D001ABAB4 /* RxController.swift */,
				E508C8881CE8E1510082F2F0 /* RacController.swift */,
			);
			path = "hello-alamofire-realm";
			sourceTree = "<group>";
		};
		E59F03321CDF8050004F5540 /* Products */ = {
			isa = PBXGroup;
			children = (
				E59F033C1CDF8050004F5540 /* Alamofire.framework */,
				E59F033E1CDF8050004F5540 /* Alamofire iOS Tests.xctest */,
				E59F03401CDF8050004F5540 /* Alamofire.framework */,
				E59F03421CDF8050004F5540 /* Alamofire OSX Tests.xctest */,
				E59F03441CDF8050004F5540 /* Alamofire.framework */,
				E59F03461CDF8050004F5540 /* Alamofire tvOS Tests.xctest */,
				E59F03481CDF8050004F5540 /* Alamofire.framework */,
			);
			name = Products;
			sourceTree = "<group>";
		};
/* End PBXGroup section */

/* Begin PBXNativeTarget section */
		E59F031B1CDF7BAB004F5540 /* hello-alamofire-realm */ = {
			isa = PBXNativeTarget;
			buildConfigurationList = E59F032E1CDF7BAB004F5540 /* Build configuration list for PBXNativeTarget "hello-alamofire-realm" */;
			buildPhases = (
				E59F03181CDF7BAB004F5540 /* Sources */,
				E59F03191CDF7BAB004F5540 /* Frameworks */,
				E59F031A1CDF7BAB004F5540 /* Resources */,
				E59F034D1CDF811C004F5540 /* Embed Frameworks */,
				E528108A1CE0DEE70064A3AE /* Copy Frameworks */,
			);
			buildRules = (
			);
			dependencies = (
				E52810881CE0DE640064A3AE /* PBXTargetDependency */,
				E59F034C1CDF811C004F5540 /* PBXTargetDependency */,
			);
			name = "hello-alamofire-realm";
			productName = "hello-alamofire-realm";
			productReference = E59F031C1CDF7BAB004F5540 /* hello-alamofire-realm.app */;
			productType = "com.apple.product-type.application";
		};
/* End PBXNativeTarget section */

/* Begin PBXProject section */
		E59F03141CDF7BAB004F5540 /* Project object */ = {
			isa = PBXProject;
			attributes = {
				LastSwiftUpdateCheck = 0730;
				LastUpgradeCheck = 0730;
				ORGANIZATIONNAME = hx;
				TargetAttributes = {
					E59F031B1CDF7BAB004F5540 = {
						CreatedOnToolsVersion = 7.3.1;
					};
				};
			};
			buildConfigurationList = E59F03171CDF7BAB004F5540 /* Build configuration list for PBXProject "hello-alamofire-realm" */;
			compatibilityVersion = "Xcode 3.2";
			developmentRegion = English;
			hasScannedForEncodings = 0;
			knownRegions = (
				en,
				Base,
			);
			mainGroup = E59F03131CDF7BAB004F5540;
			productRefGroup = E59F031D1CDF7BAB004F5540 /* Products */;
			projectDirPath = "";
			projectReferences = (
				{
					ProductGroup = E59F03321CDF8050004F5540 /* Products */;
					ProjectRef = E59F03311CDF8050004F5540 /* Alamofire.xcodeproj */;
				},
				{
					ProductGroup = E508C8711CE8E1100082F2F0 /* Products */;
					ProjectRef = E508C8701CE8E1100082F2F0 /* ReactiveCocoa.xcodeproj */;
				},
				{
					ProductGroup = E528106D1CE0DD970064A3AE /* Products */;
					ProjectRef = E528106C1CE0DD970064A3AE /* Realm.xcodeproj */;
				},
				{
					ProductGroup = E528102C1CE0DCA10064A3AE /* Products */;
					ProjectRef = E528102B1CE0DCA10064A3AE /* Rx.xcodeproj */;
				},
				{
					ProductGroup = E5362D501CE546EB005678B5 /* Products */;
					ProjectRef = E5362D4F1CE546EB005678B5 /* RxAlamofire.xcodeproj */;
				},
				{
					ProductGroup = E508C8301CE8E0F80082F2F0 /* Products */;
					ProjectRef = E508C82F1CE8E0F80082F2F0 /* SwiftyJSON.xcodeproj */;
				},
			);
			projectRoot = "";
			targets = (
				E59F031B1CDF7BAB004F5540 /* hello-alamofire-realm */,
			);
		};
/* End PBXProject section */

/* Begin PBXReferenceProxy section */
		E508C8631CE8E0F80082F2F0 /* SwiftyJSON.framework */ = {
			isa = PBXReferenceProxy;
			fileType = wrapper.framework;
			path = SwiftyJSON.framework;
			remoteRef = E508C8621CE8E0F80082F2F0 /* PBXContainerItemProxy */;
			sourceTree = BUILT_PRODUCTS_DIR;
		};
		E508C8651CE8E0F80082F2F0 /* SwiftyJSON iOS Tests.xctest */ = {
			isa = PBXReferenceProxy;
			fileType = wrapper.cfbundle;
			path = "SwiftyJSON iOS Tests.xctest";
			remoteRef = E508C8641CE8E0F80082F2F0 /* PBXContainerItemProxy */;
			sourceTree = BUILT_PRODUCTS_DIR;
		};
		E508C8671CE8E0F80082F2F0 /* SwiftyJSON.framework */ = {
			isa = PBXReferenceProxy;
			fileType = wrapper.framework;
			path = SwiftyJSON.framework;
			remoteRef = E508C8661CE8E0F80082F2F0 /* PBXContainerItemProxy */;
			sourceTree = BUILT_PRODUCTS_DIR;
		};
		E508C8691CE8E0F80082F2F0 /* SwiftyJSON OSX Tests.xctest */ = {
			isa = PBXReferenceProxy;
			fileType = wrapper.cfbundle;
			path = "SwiftyJSON OSX Tests.xctest";
			remoteRef = E508C8681CE8E0F80082F2F0 /* PBXContainerItemProxy */;
			sourceTree = BUILT_PRODUCTS_DIR;
		};
		E508C86B1CE8E0F80082F2F0 /* SwiftyJSON.framework */ = {
			isa = PBXReferenceProxy;
			fileType = wrapper.framework;
			path = SwiftyJSON.framework;
			remoteRef = E508C86A1CE8E0F80082F2F0 /* PBXContainerItemProxy */;
			sourceTree = BUILT_PRODUCTS_DIR;
		};
		E508C86D1CE8E0F80082F2F0 /* SwiftyJSON.framework */ = {
			isa = PBXReferenceProxy;
			fileType = wrapper.framework;
			path = SwiftyJSON.framework;
			remoteRef = E508C86C1CE8E0F80082F2F0 /* PBXContainerItemProxy */;
			sourceTree = BUILT_PRODUCTS_DIR;
		};
		E508C86F1CE8E0F80082F2F0 /* SwiftyJSON tvOS Tests.xctest */ = {
			isa = PBXReferenceProxy;
			fileType = wrapper.cfbundle;
			path = "SwiftyJSON tvOS Tests.xctest";
			remoteRef = E508C86E1CE8E0F80082F2F0 /* PBXContainerItemProxy */;
			sourceTree = BUILT_PRODUCTS_DIR;
		};
		E508C87B1CE8E1100082F2F0 /* ReactiveCocoa.framework */ = {
			isa = PBXReferenceProxy;
			fileType = wrapper.framework;
			path = ReactiveCocoa.framework;
			remoteRef = E508C87A1CE8E1100082F2F0 /* PBXContainerItemProxy */;
			sourceTree = BUILT_PRODUCTS_DIR;
		};
		E508C87D1CE8E1100082F2F0 /* ReactiveCocoaTests.xctest */ = {
			isa = PBXReferenceProxy;
			fileType = wrapper.cfbundle;
			path = ReactiveCocoaTests.xctest;
			remoteRef = E508C87C1CE8E1100082F2F0 /* PBXContainerItemProxy */;
			sourceTree = BUILT_PRODUCTS_DIR;
		};
		E508C87F1CE8E1100082F2F0 /* ReactiveCocoa.framework */ = {
			isa = PBXReferenceProxy;
			fileType = wrapper.framework;
			path = ReactiveCocoa.framework;
			remoteRef = E508C87E1CE8E1100082F2F0 /* PBXContainerItemProxy */;
			sourceTree = BUILT_PRODUCTS_DIR;
		};
		E508C8811CE8E1100082F2F0 /* ReactiveCocoaTests.xctest */ = {
			isa = PBXReferenceProxy;
			fileType = wrapper.cfbundle;
			path = ReactiveCocoaTests.xctest;
			remoteRef = E508C8801CE8E1100082F2F0 /* PBXContainerItemProxy */;
			sourceTree = BUILT_PRODUCTS_DIR;
		};
		E508C8831CE8E1100082F2F0 /* ReactiveCocoa.framework */ = {
			isa = PBXReferenceProxy;
			fileType = wrapper.framework;
			path = ReactiveCocoa.framework;
			remoteRef = E508C8821CE8E1100082F2F0 /* PBXContainerItemProxy */;
			sourceTree = BUILT_PRODUCTS_DIR;
		};
		E508C8851CE8E1100082F2F0 /* ReactiveCocoa.framework */ = {
			isa = PBXReferenceProxy;
			fileType = wrapper.framework;
			path = ReactiveCocoa.framework;
			remoteRef = E508C8841CE8E1100082F2F0 /* PBXContainerItemProxy */;
			sourceTree = BUILT_PRODUCTS_DIR;
		};
		E508C8871CE8E1100082F2F0 /* ReactiveCocoaTests.xctest */ = {
			isa = PBXReferenceProxy;
			fileType = wrapper.cfbundle;
			path = ReactiveCocoaTests.xctest;
			remoteRef = E508C8861CE8E1100082F2F0 /* PBXContainerItemProxy */;
			sourceTree = BUILT_PRODUCTS_DIR;
		};
		E52810431CE0DCA10064A3AE /* RxSwift.framework */ = {
			isa = PBXReferenceProxy;
			fileType = wrapper.framework;
			path = RxSwift.framework;
			remoteRef = E52810421CE0DCA10064A3AE /* PBXContainerItemProxy */;
			sourceTree = BUILT_PRODUCTS_DIR;
		};
		E52810451CE0DCA10064A3AE /* RxSwift.framework */ = {
			isa = PBXReferenceProxy;
			fileType = wrapper.framework;
			path = RxSwift.framework;
			remoteRef = E52810441CE0DCA10064A3AE /* PBXContainerItemProxy */;
			sourceTree = BUILT_PRODUCTS_DIR;
		};
		E52810471CE0DCA10064A3AE /* RxSwift.framework */ = {
			isa = PBXReferenceProxy;
			fileType = wrapper.framework;
			path = RxSwift.framework;
			remoteRef = E52810461CE0DCA10064A3AE /* PBXContainerItemProxy */;
			sourceTree = BUILT_PRODUCTS_DIR;
		};
		E52810491CE0DCA10064A3AE /* RxSwift.framework */ = {
			isa = PBXReferenceProxy;
			fileType = wrapper.framework;
			path = RxSwift.framework;
			remoteRef = E52810481CE0DCA10064A3AE /* PBXContainerItemProxy */;
			sourceTree = BUILT_PRODUCTS_DIR;
		};
		E528104B1CE0DCA10064A3AE /* RxCocoa.framework */ = {
			isa = PBXReferenceProxy;
			fileType = wrapper.framework;
			path = RxCocoa.framework;
			remoteRef = E528104A1CE0DCA10064A3AE /* PBXContainerItemProxy */;
			sourceTree = BUILT_PRODUCTS_DIR;
		};
		E528104D1CE0DCA10064A3AE /* RxCocoa.framework */ = {
			isa = PBXReferenceProxy;
			fileType = wrapper.framework;
			path = RxCocoa.framework;
			remoteRef = E528104C1CE0DCA10064A3AE /* PBXContainerItemProxy */;
			sourceTree = BUILT_PRODUCTS_DIR;
		};
		E528104F1CE0DCA10064A3AE /* RxCocoa.framework */ = {
			isa = PBXReferenceProxy;
			fileType = wrapper.framework;
			path = RxCocoa.framework;
			remoteRef = E528104E1CE0DCA10064A3AE /* PBXContainerItemProxy */;
			sourceTree = BUILT_PRODUCTS_DIR;
		};
		E52810511CE0DCA10064A3AE /* RxCocoa.framework */ = {
			isa = PBXReferenceProxy;
			fileType = wrapper.framework;
			path = RxCocoa.framework;
			remoteRef = E52810501CE0DCA10064A3AE /* PBXContainerItemProxy */;
			sourceTree = BUILT_PRODUCTS_DIR;
		};
		E52810531CE0DCA10064A3AE /* RxBlocking.framework */ = {
			isa = PBXReferenceProxy;
			fileType = wrapper.framework;
			path = RxBlocking.framework;
			remoteRef = E52810521CE0DCA10064A3AE /* PBXContainerItemProxy */;
			sourceTree = BUILT_PRODUCTS_DIR;
		};
		E52810551CE0DCA10064A3AE /* RxBlocking.framework */ = {
			isa = PBXReferenceProxy;
			fileType = wrapper.framework;
			path = RxBlocking.framework;
			remoteRef = E52810541CE0DCA10064A3AE /* PBXContainerItemProxy */;
			sourceTree = BUILT_PRODUCTS_DIR;
		};
		E52810571CE0DCA10064A3AE /* RxBlocking.framework */ = {
			isa = PBXReferenceProxy;
			fileType = wrapper.framework;
			path = RxBlocking.framework;
			remoteRef = E52810561CE0DCA10064A3AE /* PBXContainerItemProxy */;
			sourceTree = BUILT_PRODUCTS_DIR;
		};
		E52810591CE0DCA10064A3AE /* RxBlocking.framework */ = {
			isa = PBXReferenceProxy;
			fileType = wrapper.framework;
			path = RxBlocking.framework;
			remoteRef = E52810581CE0DCA10064A3AE /* PBXContainerItemProxy */;
			sourceTree = BUILT_PRODUCTS_DIR;
		};
		E528105B1CE0DCA10064A3AE /* RxTests.framework */ = {
			isa = PBXReferenceProxy;
			fileType = wrapper.framework;
			path = RxTests.framework;
			remoteRef = E528105A1CE0DCA10064A3AE /* PBXContainerItemProxy */;
			sourceTree = BUILT_PRODUCTS_DIR;
		};
		E528105D1CE0DCA10064A3AE /* RxTests.framework */ = {
			isa = PBXReferenceProxy;
			fileType = wrapper.framework;
			path = RxTests.framework;
			remoteRef = E528105C1CE0DCA10064A3AE /* PBXContainerItemProxy */;
			sourceTree = BUILT_PRODUCTS_DIR;
		};
		E528105F1CE0DCA10064A3AE /* RxTests.framework */ = {
			isa = PBXReferenceProxy;
			fileType = wrapper.framework;
			path = RxTests.framework;
			remoteRef = E528105E1CE0DCA10064A3AE /* PBXContainerItemProxy */;
			sourceTree = BUILT_PRODUCTS_DIR;
		};
		E52810611CE0DCA10064A3AE /* RxTests.framework */ = {
			isa = PBXReferenceProxy;
			fileType = wrapper.framework;
			path = RxTests.framework;
			remoteRef = E52810601CE0DCA10064A3AE /* PBXContainerItemProxy */;
			sourceTree = BUILT_PRODUCTS_DIR;
		};
		E52810631CE0DCA10064A3AE /* AllTests-iOS.xctest */ = {
			isa = PBXReferenceProxy;
			fileType = wrapper.cfbundle;
			path = "AllTests-iOS.xctest";
			remoteRef = E52810621CE0DCA10064A3AE /* PBXContainerItemProxy */;
			sourceTree = BUILT_PRODUCTS_DIR;
		};
		E52810651CE0DCA10064A3AE /* AllTests-tvOS.xctest */ = {
			isa = PBXReferenceProxy;
			fileType = wrapper.cfbundle;
			path = "AllTests-tvOS.xctest";
			remoteRef = E52810641CE0DCA10064A3AE /* PBXContainerItemProxy */;
			sourceTree = BUILT_PRODUCTS_DIR;
		};
		E52810671CE0DCA10064A3AE /* AllTests-OSX.xctest */ = {
			isa = PBXReferenceProxy;
			fileType = wrapper.cfbundle;
			path = "AllTests-OSX.xctest";
			remoteRef = E52810661CE0DCA10064A3AE /* PBXContainerItemProxy */;
			sourceTree = BUILT_PRODUCTS_DIR;
		};
		E52810691CE0DCA10064A3AE /* PerformanceTests.app */ = {
			isa = PBXReferenceProxy;
			fileType = wrapper.application;
			path = PerformanceTests.app;
			remoteRef = E52810681CE0DCA10064A3AE /* PBXContainerItemProxy */;
			sourceTree = BUILT_PRODUCTS_DIR;
		};
		E528107A1CE0DD970064A3AE /* Realm.framework */ = {
			isa = PBXReferenceProxy;
			fileType = wrapper.framework;
			path = Realm.framework;
			remoteRef = E52810791CE0DD970064A3AE /* PBXContainerItemProxy */;
			sourceTree = BUILT_PRODUCTS_DIR;
		};
		E528107C1CE0DD970064A3AE /* Realm.framework */ = {
			isa = PBXReferenceProxy;
			fileType = wrapper.framework.static;
			path = Realm.framework;
			remoteRef = E528107B1CE0DD970064A3AE /* PBXContainerItemProxy */;
			sourceTree = BUILT_PRODUCTS_DIR;
		};
		E528107E1CE0DD970064A3AE /* Tests.xctest */ = {
			isa = PBXReferenceProxy;
			fileType = wrapper.cfbundle;
			path = Tests.xctest;
			remoteRef = E528107D1CE0DD970064A3AE /* PBXContainerItemProxy */;
			sourceTree = BUILT_PRODUCTS_DIR;
		};
		E52810801CE0DD970064A3AE /* iOS static tests.xctest */ = {
			isa = PBXReferenceProxy;
			fileType = wrapper.cfbundle;
			path = "iOS static tests.xctest";
			remoteRef = E528107F1CE0DD970064A3AE /* PBXContainerItemProxy */;
			sourceTree = BUILT_PRODUCTS_DIR;
		};
		E52810821CE0DD970064A3AE /* TestHost.app */ = {
			isa = PBXReferenceProxy;
			fileType = wrapper.application;
			path = TestHost.app;
			remoteRef = E52810811CE0DD970064A3AE /* PBXContainerItemProxy */;
			sourceTree = BUILT_PRODUCTS_DIR;
		};
		E52810841CE0DD970064A3AE /* RealmSwift.framework */ = {
			isa = PBXReferenceProxy;
			fileType = wrapper.framework;
			path = RealmSwift.framework;
			remoteRef = E52810831CE0DD970064A3AE /* PBXContainerItemProxy */;
			sourceTree = BUILT_PRODUCTS_DIR;
		};
		E52810861CE0DD970064A3AE /* RealmSwift Tests.xctest */ = {
			isa = PBXReferenceProxy;
			fileType = wrapper.cfbundle;
			path = "RealmSwift Tests.xctest";
			remoteRef = E52810851CE0DD970064A3AE /* PBXContainerItemProxy */;
			sourceTree = BUILT_PRODUCTS_DIR;
		};
		E5362D7C1CE546EB005678B5 /* RxAlamofireExample.app */ = {
			isa = PBXReferenceProxy;
			fileType = wrapper.application;
			path = RxAlamofireExample.app;
			remoteRef = E5362D7B1CE546EB005678B5 /* PBXContainerItemProxy */;
			sourceTree = BUILT_PRODUCTS_DIR;
		};
		E5362D7E1CE546EB005678B5 /* RxAlamofire.framework */ = {
			isa = PBXReferenceProxy;
			fileType = wrapper.framework;
			path = RxAlamofire.framework;
			remoteRef = E5362D7D1CE546EB005678B5 /* PBXContainerItemProxy */;
			sourceTree = BUILT_PRODUCTS_DIR;
		};
		E5362D801CE546EB005678B5 /* RxAlamofireTests.xctest */ = {
			isa = PBXReferenceProxy;
			fileType = wrapper.cfbundle;
			path = RxAlamofireTests.xctest;
			remoteRef = E5362D7F1CE546EB005678B5 /* PBXContainerItemProxy */;
			sourceTree = BUILT_PRODUCTS_DIR;
		};
		E5362D821CE546EB005678B5 /* RxAlamofire.framework */ = {
			isa = PBXReferenceProxy;
			fileType = wrapper.framework;
			path = RxAlamofire.framework;
			remoteRef = E5362D811CE546EB005678B5 /* PBXContainerItemProxy */;
			sourceTree = BUILT_PRODUCTS_DIR;
		};
		E5362D841CE546EB005678B5 /* RxAlamofire.framework */ = {
			isa = PBXReferenceProxy;
			fileType = wrapper.framework;
			path = RxAlamofire.framework;
			remoteRef = E5362D831CE546EB005678B5 /* PBXContainerItemProxy */;
			sourceTree = BUILT_PRODUCTS_DIR;
		};
		E5362D861CE546EB005678B5 /* RxAlamofiretvOSExample.app */ = {
			isa = PBXReferenceProxy;
			fileType = wrapper.application;
			path = RxAlamofiretvOSExample.app;
			remoteRef = E5362D851CE546EB005678B5 /* PBXContainerItemProxy */;
			sourceTree = BUILT_PRODUCTS_DIR;
		};
		E59F033C1CDF8050004F5540 /* Alamofire.framework */ = {
			isa = PBXReferenceProxy;
			fileType = wrapper.framework;
			path = Alamofire.framework;
			remoteRef = E59F033B1CDF8050004F5540 /* PBXContainerItemProxy */;
			sourceTree = BUILT_PRODUCTS_DIR;
		};
		E59F033E1CDF8050004F5540 /* Alamofire iOS Tests.xctest */ = {
			isa = PBXReferenceProxy;
			fileType = wrapper.cfbundle;
			path = "Alamofire iOS Tests.xctest";
			remoteRef = E59F033D1CDF8050004F5540 /* PBXContainerItemProxy */;
			sourceTree = BUILT_PRODUCTS_DIR;
		};
		E59F03401CDF8050004F5540 /* Alamofire.framework */ = {
			isa = PBXReferenceProxy;
			fileType = wrapper.framework;
			path = Alamofire.framework;
			remoteRef = E59F033F1CDF8050004F5540 /* PBXContainerItemProxy */;
			sourceTree = BUILT_PRODUCTS_DIR;
		};
		E59F03421CDF8050004F5540 /* Alamofire OSX Tests.xctest */ = {
			isa = PBXReferenceProxy;
			fileType = wrapper.cfbundle;
			path = "Alamofire OSX Tests.xctest";
			remoteRef = E59F03411CDF8050004F5540 /* PBXContainerItemProxy */;
			sourceTree = BUILT_PRODUCTS_DIR;
		};
		E59F03441CDF8050004F5540 /* Alamofire.framework */ = {
			isa = PBXReferenceProxy;
			fileType = wrapper.framework;
			path = Alamofire.framework;
			remoteRef = E59F03431CDF8050004F5540 /* PBXContainerItemProxy */;
			sourceTree = BUILT_PRODUCTS_DIR;
		};
		E59F03461CDF8050004F5540 /* Alamofire tvOS Tests.xctest */ = {
			isa = PBXReferenceProxy;
			fileType = wrapper.cfbundle;
			path = "Alamofire tvOS Tests.xctest";
			remoteRef = E59F03451CDF8050004F5540 /* PBXContainerItemProxy */;
			sourceTree = BUILT_PRODUCTS_DIR;
		};
		E59F03481CDF8050004F5540 /* Alamofire.framework */ = {
			isa = PBXReferenceProxy;
			fileType = wrapper.framework;
			path = Alamofire.framework;
			remoteRef = E59F03471CDF8050004F5540 /* PBXContainerItemProxy */;
			sourceTree = BUILT_PRODUCTS_DIR;
		};
/* End PBXReferenceProxy section */

/* Begin PBXResourcesBuildPhase section */
		E59F031A1CDF7BAB004F5540 /* Resources */ = {
			isa = PBXResourcesBuildPhase;
			buildActionMask = 2147483647;
			files = (
				E59F032A1CDF7BAB004F5540 /* LaunchScreen.storyboard in Resources */,
				E59F03271CDF7BAB004F5540 /* Assets.xcassets in Resources */,
				E59F03251CDF7BAB004F5540 /* Main.storyboard in Resources */,
			);
			runOnlyForDeploymentPostprocessing = 0;
		};
/* End PBXResourcesBuildPhase section */

/* Begin PBXSourcesBuildPhase section */
		E59F03181CDF7BAB004F5540 /* Sources */ = {
			isa = PBXSourcesBuildPhase;
			buildActionMask = 2147483647;
			files = (
				E508C8891CE8E1510082F2F0 /* RacController.swift in Sources */,
				E59F03221CDF7BAB004F5540 /* ViewController.swift in Sources */,
				E59F03201CDF7BAB004F5540 /* AppDelegate.swift in Sources */,
				E5280FEB1CE0D3DA0064A3AE /* EntityController.swift in Sources */,
				E528108D1CE0DF890064A3AE /* RLMSupport.swift in Sources */,
				E5A63D031CE49B5D001ABAB4 /* RxController.swift in Sources */,
			);
			runOnlyForDeploymentPostprocessing = 0;
		};
/* End PBXSourcesBuildPhase section */

/* Begin PBXTargetDependency section */
		E52810881CE0DE640064A3AE /* PBXTargetDependency */ = {
			isa = PBXTargetDependency;
			name = RealmSwift;
			targetProxy = E52810871CE0DE640064A3AE /* PBXContainerItemProxy */;
		};
		E59F034C1CDF811C004F5540 /* PBXTargetDependency */ = {
			isa = PBXTargetDependency;
			name = "Alamofire iOS";
			targetProxy = E59F034B1CDF811C004F5540 /* PBXContainerItemProxy */;
		};
/* End PBXTargetDependency section */

/* Begin PBXVariantGroup section */
		E59F03231CDF7BAB004F5540 /* Main.storyboard */ = {
			isa = PBXVariantGroup;
			children = (
				E59F03241CDF7BAB004F5540 /* Base */,
			);
			name = Main.storyboard;
			sourceTree = "<group>";
		};
		E59F03281CDF7BAB004F5540 /* LaunchScreen.storyboard */ = {
			isa = PBXVariantGroup;
			children = (
				E59F03291CDF7BAB004F5540 /* Base */,
			);
			name = LaunchScreen.storyboard;
			sourceTree = "<group>";
		};
/* End PBXVariantGroup section */

/* Begin XCBuildConfiguration section */
		E59F032C1CDF7BAB004F5540 /* Debug */ = {
			isa = XCBuildConfiguration;
			buildSettings = {
				ALWAYS_SEARCH_USER_PATHS = NO;
				CLANG_ANALYZER_NONNULL = YES;
				CLANG_CXX_LANGUAGE_STANDARD = "gnu++0x";
				CLANG_CXX_LIBRARY = "libc++";
				CLANG_ENABLE_MODULES = YES;
				CLANG_ENABLE_OBJC_ARC = YES;
				CLANG_WARN_BOOL_CONVERSION = YES;
				CLANG_WARN_CONSTANT_CONVERSION = YES;
				CLANG_WARN_DIRECT_OBJC_ISA_USAGE = YES_ERROR;
				CLANG_WARN_EMPTY_BODY = YES;
				CLANG_WARN_ENUM_CONVERSION = YES;
				CLANG_WARN_INT_CONVERSION = YES;
				CLANG_WARN_OBJC_ROOT_CLASS = YES_ERROR;
				CLANG_WARN_UNREACHABLE_CODE = YES;
				CLANG_WARN__DUPLICATE_METHOD_MATCH = YES;
				"CODE_SIGN_IDENTITY[sdk=iphoneos*]" = "iPhone Developer";
				COPY_PHASE_STRIP = NO;
				DEBUG_INFORMATION_FORMAT = dwarf;
				ENABLE_STRICT_OBJC_MSGSEND = YES;
				ENABLE_TESTABILITY = YES;
				GCC_C_LANGUAGE_STANDARD = gnu99;
				GCC_DYNAMIC_NO_PIC = NO;
				GCC_NO_COMMON_BLOCKS = YES;
				GCC_OPTIMIZATION_LEVEL = 0;
				GCC_PREPROCESSOR_DEFINITIONS = (
					"DEBUG=1",
					"$(inherited)",
				);
				GCC_WARN_64_TO_32_BIT_CONVERSION = YES;
				GCC_WARN_ABOUT_RETURN_TYPE = YES_ERROR;
				GCC_WARN_UNDECLARED_SELECTOR = YES;
				GCC_WARN_UNINITIALIZED_AUTOS = YES_AGGRESSIVE;
				GCC_WARN_UNUSED_FUNCTION = YES;
				GCC_WARN_UNUSED_VARIABLE = YES;
				IPHONEOS_DEPLOYMENT_TARGET = 9.3;
				MTL_ENABLE_DEBUG_INFO = YES;
				ONLY_ACTIVE_ARCH = YES;
				SDKROOT = iphoneos;
				SWIFT_OPTIMIZATION_LEVEL = "-Onone";
			};
			name = Debug;
		};
		E59F032D1CDF7BAB004F5540 /* Release */ = {
			isa = XCBuildConfiguration;
			buildSettings = {
				ALWAYS_SEARCH_USER_PATHS = NO;
				CLANG_ANALYZER_NONNULL = YES;
				CLANG_CXX_LANGUAGE_STANDARD = "gnu++0x";
				CLANG_CXX_LIBRARY = "libc++";
				CLANG_ENABLE_MODULES = YES;
				CLANG_ENABLE_OBJC_ARC = YES;
				CLANG_WARN_BOOL_CONVERSION = YES;
				CLANG_WARN_CONSTANT_CONVERSION = YES;
				CLANG_WARN_DIRECT_OBJC_ISA_USAGE = YES_ERROR;
				CLANG_WARN_EMPTY_BODY = YES;
				CLANG_WARN_ENUM_CONVERSION = YES;
				CLANG_WARN_INT_CONVERSION = YES;
				CLANG_WARN_OBJC_ROOT_CLASS = YES_ERROR;
				CLANG_WARN_UNREACHABLE_CODE = YES;
				CLANG_WARN__DUPLICATE_METHOD_MATCH = YES;
				"CODE_SIGN_IDENTITY[sdk=iphoneos*]" = "iPhone Developer";
				COPY_PHASE_STRIP = NO;
				DEBUG_INFORMATION_FORMAT = "dwarf-with-dsym";
				ENABLE_NS_ASSERTIONS = NO;
				ENABLE_STRICT_OBJC_MSGSEND = YES;
				GCC_C_LANGUAGE_STANDARD = gnu99;
				GCC_NO_COMMON_BLOCKS = YES;
				GCC_WARN_64_TO_32_BIT_CONVERSION = YES;
				GCC_WARN_ABOUT_RETURN_TYPE = YES_ERROR;
				GCC_WARN_UNDECLARED_SELECTOR = YES;
				GCC_WARN_UNINITIALIZED_AUTOS = YES_AGGRESSIVE;
				GCC_WARN_UNUSED_FUNCTION = YES;
				GCC_WARN_UNUSED_VARIABLE = YES;
				IPHONEOS_DEPLOYMENT_TARGET = 9.3;
				MTL_ENABLE_DEBUG_INFO = NO;
				SDKROOT = iphoneos;
				VALIDATE_PRODUCT = YES;
			};
			name = Release;
		};
		E59F032F1CDF7BAB004F5540 /* Debug */ = {
			isa = XCBuildConfiguration;
			buildSettings = {
				ASSETCATALOG_COMPILER_APPICON_NAME = AppIcon;
				EMBEDDED_CONTENT_CONTAINS_SWIFT = YES;
				INFOPLIST_FILE = "hello-alamofire-realm/Info.plist";
				LD_RUNPATH_SEARCH_PATHS = "$(inherited) @executable_path/Frameworks";
				PRODUCT_BUNDLE_IDENTIFIER = "hx.hello-alamofire-realm";
				PRODUCT_NAME = "$(TARGET_NAME)";
			};
			name = Debug;
		};
		E59F03301CDF7BAB004F5540 /* Release */ = {
			isa = XCBuildConfiguration;
			buildSettings = {
				ASSETCATALOG_COMPILER_APPICON_NAME = AppIcon;
				EMBEDDED_CONTENT_CONTAINS_SWIFT = YES;
				INFOPLIST_FILE = "hello-alamofire-realm/Info.plist";
				LD_RUNPATH_SEARCH_PATHS = "$(inherited) @executable_path/Frameworks";
				PRODUCT_BUNDLE_IDENTIFIER = "hx.hello-alamofire-realm";
				PRODUCT_NAME = "$(TARGET_NAME)";
			};
			name = Release;
		};
/* End XCBuildConfiguration section */

/* Begin XCConfigurationList section */
		E59F03171CDF7BAB004F5540 /* Build configuration list for PBXProject "hello-alamofire-realm" */ = {
			isa = XCConfigurationList;
			buildConfigurations = (
				E59F032C1CDF7BAB004F5540 /* Debug */,
				E59F032D1CDF7BAB004F5540 /* Release */,
			);
			defaultConfigurationIsVisible = 0;
			defaultConfigurationName = Release;
		};
		E59F032E1CDF7BAB004F5540 /* Build configuration list for PBXNativeTarget "hello-alamofire-realm" */ = {
			isa = XCConfigurationList;
			buildConfigurations = (
				E59F032F1CDF7BAB004F5540 /* Debug */,
				E59F03301CDF7BAB004F5540 /* Release */,
			);
			defaultConfigurationIsVisible = 0;
			defaultConfigurationName = Release;
		};
/* End XCConfigurationList section */
	};
	rootObject = E59F03141CDF7BAB004F5540 /* Project object */;
}
