// !$*UTF8*$!
{
	archiveVersion = 1;
	classes = {
	};
	objectVersion = 46;
	objects = {

/* Begin PBXBuildFile section */
		E527010D1B61E92800EC0BEB /* AppDelegate.swift in Sources */ = {isa = PBXBuildFile; fileRef = E527010C1B61E92800EC0BEB /* AppDelegate.swift */; };
		E527010F1B61E92800EC0BEB /* ViewController.swift in Sources */ = {isa = PBXBuildFile; fileRef = E527010E1B61E92800EC0BEB /* ViewController.swift */; };
		E52701121B61E92800EC0BEB /* Main.storyboard in Resources */ = {isa = PBXBuildFile; fileRef = E52701101B61E92800EC0BEB /* Main.storyboard */; };
		E52701141B61E92800EC0BEB /* Images.xcassets in Resources */ = {isa = PBXBuildFile; fileRef = E52701131B61E92800EC0BEB /* Images.xcassets */; };
		E52701171B61E92800EC0BEB /* LaunchScreen.xib in Resources */ = {isa = PBXBuildFile; fileRef = E52701151B61E92800EC0BEB /* LaunchScreen.xib */; };
		E52701231B61E92900EC0BEB /* basic_httpTests.swift in Sources */ = {isa = PBXBuildFile; fileRef = E52701221B61E92900EC0BEB /* basic_httpTests.swift */; };
/* End PBXBuildFile section */

/* Begin PBXContainerItemProxy section */
		E527011D1B61E92900EC0BEB /* PBXContainerItemProxy */ = {
			isa = PBXContainerItemProxy;
			containerPortal = E52700FF1B61E92800EC0BEB /* Project object */;
			proxyType = 1;
			remoteGlobalIDString = E52701061B61E92800EC0BEB;
			remoteInfo = "basic-http";
		};
/* End PBXContainerItemProxy section */

/* Begin PBXFileReference section */
		E52701071B61E92800EC0BEB /* basic-http.app */ = {isa = PBXFileReference; explicitFileType = wrapper.application; includeInIndex = 0; path = "basic-http.app"; sourceTree = BUILT_PRODUCTS_DIR; };
		E527010B1B61E92800EC0BEB /* Info.plist */ = {isa = PBXFileReference; lastKnownFileType = text.plist.xml; path = Info.plist; sourceTree = "<group>"; };
		E527010C1B61E92800EC0BEB /* AppDelegate.swift */ = {isa = PBXFileReference; lastKnownFileType = sourcecode.swift; path = AppDelegate.swift; sourceTree = "<group>"; };
		E527010E1B61E92800EC0BEB /* ViewController.swift */ = {isa = PBXFileReference; lastKnownFileType = sourcecode.swift; path = ViewController.swift; sourceTree = "<group>"; };
		E52701111B61E92800EC0BEB /* Base */ = {isa = PBXFileReference; lastKnownFileType = file.storyboard; name = Base; path = Base.lproj/Main.storyboard; sourceTree = "<group>"; };
		E52701131B61E92800EC0BEB /* Images.xcassets */ = {isa = PBXFileReference; lastKnownFileType = folder.assetcatalog; path = Images.xcassets; sourceTree = "<group>"; };
		E52701161B61E92800EC0BEB /* Base */ = {isa = PBXFileReference; lastKnownFileType = file.xib; name = Base; path = Base.lproj/LaunchScreen.xib; sourceTree = "<group>"; };
		E527011C1B61E92900EC0BEB /* basic-httpTests.xctest */ = {isa = PBXFileReference; explicitFileType = wrapper.cfbundle; includeInIndex = 0; path = "basic-httpTests.xctest"; sourceTree = BUILT_PRODUCTS_DIR; };
		E52701211B61E92900EC0BEB /* Info.plist */ = {isa = PBXFileReference; lastKnownFileType = text.plist.xml; path = Info.plist; sourceTree = "<group>"; };
		E52701221B61E92900EC0BEB /* basic_httpTests.swift */ = {isa = PBXFileReference; lastKnownFileType = sourcecode.swift; path = basic_httpTests.swift; sourceTree = "<group>"; };
/* End PBXFileReference section */

/* Begin PBXFrameworksBuildPhase section */
		E52701041B61E92800EC0BEB /* Frameworks */ = {
			isa = PBXFrameworksBuildPhase;
			buildActionMask = 2147483647;
			files = (
			);
			runOnlyForDeploymentPostprocessing = 0;
		};
		E52701191B61E92900EC0BEB /* Frameworks */ = {
			isa = PBXFrameworksBuildPhase;
			buildActionMask = 2147483647;
			files = (
			);
			runOnlyForDeploymentPostprocessing = 0;
		};
/* End PBXFrameworksBuildPhase section */

/* Begin PBXGroup section */
		E52700FE1B61E92800EC0BEB = {
			isa = PBXGroup;
			children = (
				E52701091B61E92800EC0BEB /* basic-http */,
				E527011F1B61E92900EC0BEB /* basic-httpTests */,
				E52701081B61E92800EC0BEB /* Products */,
			);
			sourceTree = "<group>";
		};
		E52701081B61E92800EC0BEB /* Products */ = {
			isa = PBXGroup;
			children = (
				E52701071B61E92800EC0BEB /* basic-http.app */,
				E527011C1B61E92900EC0BEB /* basic-httpTests.xctest */,
			);
			name = Products;
			sourceTree = "<group>";
		};
		E52701091B61E92800EC0BEB /* basic-http */ = {
			isa = PBXGroup;
			children = (
				E527010C1B61E92800EC0BEB /* AppDelegate.swift */,
				E527010E1B61E92800EC0BEB /* ViewController.swift */,
				E52701101B61E92800EC0BEB /* Main.storyboard */,
				E52701131B61E92800EC0BEB /* Images.xcassets */,
				E52701151B61E92800EC0BEB /* LaunchScreen.xib */,
				E527010A1B61E92800EC0BEB /* Supporting Files */,
			);
			path = "basic-http";
			sourceTree = "<group>";
		};
		E527010A1B61E92800EC0BEB /* Supporting Files */ = {
			isa = PBXGroup;
			children = (
				E527010B1B61E92800EC0BEB /* Info.plist */,
			);
			name = "Supporting Files";
			sourceTree = "<group>";
		};
		E527011F1B61E92900EC0BEB /* basic-httpTests */ = {
			isa = PBXGroup;
			children = (
				E52701221B61E92900EC0BEB /* basic_httpTests.swift */,
				E52701201B61E92900EC0BEB /* Supporting Files */,
			);
			path = "basic-httpTests";
			sourceTree = "<group>";
		};
		E52701201B61E92900EC0BEB /* Supporting Files */ = {
			isa = PBXGroup;
			children = (
				E52701211B61E92900EC0BEB /* Info.plist */,
			);
			name = "Supporting Files";
			sourceTree = "<group>";
		};
/* End PBXGroup section */

/* Begin PBXNativeTarget section */
		E52701061B61E92800EC0BEB /* basic-http */ = {
			isa = PBXNativeTarget;
			buildConfigurationList = E52701261B61E92900EC0BEB /* Build configuration list for PBXNativeTarget "basic-http" */;
			buildPhases = (
				E52701031B61E92800EC0BEB /* Sources */,
				E52701041B61E92800EC0BEB /* Frameworks */,
				E52701051B61E92800EC0BEB /* Resources */,
			);
			buildRules = (
			);
			dependencies = (
			);
			name = "basic-http";
			productName = "basic-http";
			productReference = E52701071B61E92800EC0BEB /* basic-http.app */;
			productType = "com.apple.product-type.application";
		};
		E527011B1B61E92900EC0BEB /* basic-httpTests */ = {
			isa = PBXNativeTarget;
			buildConfigurationList = E52701291B61E92900EC0BEB /* Build configuration list for PBXNativeTarget "basic-httpTests" */;
			buildPhases = (
				E52701181B61E92900EC0BEB /* Sources */,
				E52701191B61E92900EC0BEB /* Frameworks */,
				E527011A1B61E92900EC0BEB /* Resources */,
			);
			buildRules = (
			);
			dependencies = (
				E527011E1B61E92900EC0BEB /* PBXTargetDependency */,
			);
			name = "basic-httpTests";
			productName = "basic-httpTests";
			productReference = E527011C1B61E92900EC0BEB /* basic-httpTests.xctest */;
			productType = "com.apple.product-type.bundle.unit-test";
		};
/* End PBXNativeTarget section */

/* Begin PBXProject section */
		E52700FF1B61E92800EC0BEB /* Project object */ = {
			isa = PBXProject;
			attributes = {
				LastUpgradeCheck = 0640;
				ORGANIZATIONNAME = hx;
				TargetAttributes = {
					E52701061B61E92800EC0BEB = {
						CreatedOnToolsVersion = 6.4;
					};
					E527011B1B61E92900EC0BEB = {
						CreatedOnToolsVersion = 6.4;
						TestTargetID = E52701061B61E92800EC0BEB;
					};
				};
			};
			buildConfigurationList = E52701021B61E92800EC0BEB /* Build configuration list for PBXProject "basic-http" */;
			compatibilityVersion = "Xcode 3.2";
			developmentRegion = English;
			hasScannedForEncodings = 0;
			knownRegions = (
				en,
				Base,
			);
			mainGroup = E52700FE1B61E92800EC0BEB;
			productRefGroup = E52701081B61E92800EC0BEB /* Products */;
			projectDirPath = "";
			projectRoot = "";
			targets = (
				E52701061B61E92800EC0BEB /* basic-http */,
				E527011B1B61E92900EC0BEB /* basic-httpTests */,
			);
		};
/* End PBXProject section */

/* Begin PBXResourcesBuildPhase section */
		E52701051B61E92800EC0BEB /* Resources */ = {
			isa = PBXResourcesBuildPhase;
			buildActionMask = 2147483647;
			files = (
				E52701121B61E92800EC0BEB /* Main.storyboard in Resources */,
				E52701171B61E92800EC0BEB /* LaunchScreen.xib in Resources */,
				E52701141B61E92800EC0BEB /* Images.xcassets in Resources */,
			);
			runOnlyForDeploymentPostprocessing = 0;
		};
		E527011A1B61E92900EC0BEB /* Resources */ = {
			isa = PBXResourcesBuildPhase;
			buildActionMask = 2147483647;
			files = (
			);
			runOnlyForDeploymentPostprocessing = 0;
		};
/* End PBXResourcesBuildPhase section */

/* Begin PBXSourcesBuildPhase section */
		E52701031B61E92800EC0BEB /* Sources */ = {
			isa = PBXSourcesBuildPhase;
			buildActionMask = 2147483647;
			files = (
				E527010F1B61E92800EC0BEB /* ViewController.swift in Sources */,
				E527010D1B61E92800EC0BEB /* AppDelegate.swift in Sources */,
			);
			runOnlyForDeploymentPostprocessing = 0;
		};
		E52701181B61E92900EC0BEB /* Sources */ = {
			isa = PBXSourcesBuildPhase;
			buildActionMask = 2147483647;
			files = (
				E52701231B61E92900EC0BEB /* basic_httpTests.swift in Sources */,
			);
			runOnlyForDeploymentPostprocessing = 0;
		};
/* End PBXSourcesBuildPhase section */

/* Begin PBXTargetDependency section */
		E527011E1B61E92900EC0BEB /* PBXTargetDependency */ = {
			isa = PBXTargetDependency;
			target = E52701061B61E92800EC0BEB /* basic-http */;
			targetProxy = E527011D1B61E92900EC0BEB /* PBXContainerItemProxy */;
		};
/* End PBXTargetDependency section */

/* Begin PBXVariantGroup section */
		E52701101B61E92800EC0BEB /* Main.storyboard */ = {
			isa = PBXVariantGroup;
			children = (
				E52701111B61E92800EC0BEB /* Base */,
			);
			name = Main.storyboard;
			sourceTree = "<group>";
		};
		E52701151B61E92800EC0BEB /* LaunchScreen.xib */ = {
			isa = PBXVariantGroup;
			children = (
				E52701161B61E92800EC0BEB /* Base */,
			);
			name = LaunchScreen.xib;
			sourceTree = "<group>";
		};
/* End PBXVariantGroup section */

/* Begin XCBuildConfiguration section */
		E52701241B61E92900EC0BEB /* Debug */ = {
			isa = XCBuildConfiguration;
			buildSettings = {
				ALWAYS_SEARCH_USER_PATHS = NO;
				CLANG_CXX_LANGUAGE_STANDARD = "gnu++0x";
				CLANG_CXX_LIBRARY = "libc++";
				CLANG_ENABLE_MODULES = YES;
				CLANG_ENABLE_OBJC_ARC = YES;
				CLANG_WARN_BOOL_CONVERSION = YES;
				CLANG_WARN_CONSTANT_CONVERSION = YES;
				CLANG_WARN_DIRECT_OBJC_ISA_USAGE = YES_ERROR;
				CLANG_WARN_EMPTY_BODY = YES;
				CLANG_WARN_ENUM_CONVERSION = YES;
				CLANG_WARN_INT_CONVERSION = YES;
				CLANG_WARN_OBJC_ROOT_CLASS = YES_ERROR;
				CLANG_WARN_UNREACHABLE_CODE = YES;
				CLANG_WARN__DUPLICATE_METHOD_MATCH = YES;
				"CODE_SIGN_IDENTITY[sdk=iphoneos*]" = "iPhone Developer";
				COPY_PHASE_STRIP = NO;
				DEBUG_INFORMATION_FORMAT = "dwarf-with-dsym";
				ENABLE_STRICT_OBJC_MSGSEND = YES;
				GCC_C_LANGUAGE_STANDARD = gnu99;
				GCC_DYNAMIC_NO_PIC = NO;
				GCC_NO_COMMON_BLOCKS = YES;
				GCC_OPTIMIZATION_LEVEL = 0;
				GCC_PREPROCESSOR_DEFINITIONS = (
					"DEBUG=1",
					"$(inherited)",
				);
				GCC_SYMBOLS_PRIVATE_EXTERN = NO;
				GCC_WARN_64_TO_32_BIT_CONVERSION = YES;
				GCC_WARN_ABOUT_RETURN_TYPE = YES_ERROR;
				GCC_WARN_UNDECLARED_SELECTOR = YES;
				GCC_WARN_UNINITIALIZED_AUTOS = YES_AGGRESSIVE;
				GCC_WARN_UNUSED_FUNCTION = YES;
				GCC_WARN_UNUSED_VARIABLE = YES;
				IPHONEOS_DEPLOYMENT_TARGET = 8.4;
				MTL_ENABLE_DEBUG_INFO = YES;
				ONLY_ACTIVE_ARCH = YES;
				SDKROOT = iphoneos;
				SWIFT_OPTIMIZATION_LEVEL = "-Onone";
			};
			name = Debug;
		};
		E52701251B61E92900EC0BEB /* Release */ = {
			isa = XCBuildConfiguration;
			buildSettings = {
				ALWAYS_SEARCH_USER_PATHS = NO;
				CLANG_CXX_LANGUAGE_STANDARD = "gnu++0x";
				CLANG_CXX_LIBRARY = "libc++";
				CLANG_ENABLE_MODULES = YES;
				CLANG_ENABLE_OBJC_ARC = YES;
				CLANG_WARN_BOOL_CONVERSION = YES;
				CLANG_WARN_CONSTANT_CONVERSION = YES;
				CLANG_WARN_DIRECT_OBJC_ISA_USAGE = YES_ERROR;
				CLANG_WARN_EMPTY_BODY = YES;
				CLANG_WARN_ENUM_CONVERSION = YES;
				CLANG_WARN_INT_CONVERSION = YES;
				CLANG_WARN_OBJC_ROOT_CLASS = YES_ERROR;
				CLANG_WARN_UNREACHABLE_CODE = YES;
				CLANG_WARN__DUPLICATE_METHOD_MATCH = YES;
				"CODE_SIGN_IDENTITY[sdk=iphoneos*]" = "iPhone Developer";
				COPY_PHASE_STRIP = NO;
				DEBUG_INFORMATION_FORMAT = "dwarf-with-dsym";
				ENABLE_NS_ASSERTIONS = NO;
				ENABLE_STRICT_OBJC_MSGSEND = YES;
				GCC_C_LANGUAGE_STANDARD = gnu99;
				GCC_NO_COMMON_BLOCKS = YES;
				GCC_WARN_64_TO_32_BIT_CONVERSION = YES;
				GCC_WARN_ABOUT_RETURN_TYPE = YES_ERROR;
				GCC_WARN_UNDECLARED_SELECTOR = YES;
				GCC_WARN_UNINITIALIZED_AUTOS = YES_AGGRESSIVE;
				GCC_WARN_UNUSED_FUNCTION = YES;
				GCC_WARN_UNUSED_VARIABLE = YES;
				IPHONEOS_DEPLOYMENT_TARGET = 8.4;
				MTL_ENABLE_DEBUG_INFO = NO;
				SDKROOT = iphoneos;
				VALIDATE_PRODUCT = YES;
			};
			name = Release;
		};
		E52701271B61E92900EC0BEB /* Debug */ = {
			isa = XCBuildConfiguration;
			buildSettings = {
				ASSETCATALOG_COMPILER_APPICON_NAME = AppIcon;
				INFOPLIST_FILE = "basic-http/Info.plist";
				LD_RUNPATH_SEARCH_PATHS = "$(inherited) @executable_path/Frameworks";
				PRODUCT_NAME = "$(TARGET_NAME)";
			};
			name = Debug;
		};
		E52701281B61E92900EC0BEB /* Release */ = {
			isa = XCBuildConfiguration;
			buildSettings = {
				ASSETCATALOG_COMPILER_APPICON_NAME = AppIcon;
				INFOPLIST_FILE = "basic-http/Info.plist";
				LD_RUNPATH_SEARCH_PATHS = "$(inherited) @executable_path/Frameworks";
				PRODUCT_NAME = "$(TARGET_NAME)";
			};
			name = Release;
		};
		E527012A1B61E92900EC0BEB /* Debug */ = {
			isa = XCBuildConfiguration;
			buildSettings = {
				BUNDLE_LOADER = "$(TEST_HOST)";
				FRAMEWORK_SEARCH_PATHS = (
					"$(SDKROOT)/Developer/Library/Frameworks",
					"$(inherited)",
				);
				GCC_PREPROCESSOR_DEFINITIONS = (
					"DEBUG=1",
					"$(inherited)",
				);
				INFOPLIST_FILE = "basic-httpTests/Info.plist";
				LD_RUNPATH_SEARCH_PATHS = "$(inherited) @executable_path/Frameworks @loader_path/Frameworks";
				PRODUCT_NAME = "$(TARGET_NAME)";
				TEST_HOST = "$(BUILT_PRODUCTS_DIR)/basic-http.app/basic-http";
			};
			name = Debug;
		};
		E527012B1B61E92900EC0BEB /* Release */ = {
			isa = XCBuildConfiguration;
			buildSettings = {
				BUNDLE_LOADER = "$(TEST_HOST)";
				FRAMEWORK_SEARCH_PATHS = (
					"$(SDKROOT)/Developer/Library/Frameworks",
					"$(inherited)",
				);
				INFOPLIST_FILE = "basic-httpTests/Info.plist";
				LD_RUNPATH_SEARCH_PATHS = "$(inherited) @executable_path/Frameworks @loader_path/Frameworks";
				PRODUCT_NAME = "$(TARGET_NAME)";
				TEST_HOST = "$(BUILT_PRODUCTS_DIR)/basic-http.app/basic-http";
			};
			name = Release;
		};
/* End XCBuildConfiguration section */

/* Begin XCConfigurationList section */
		E52701021B61E92800EC0BEB /* Build configuration list for PBXProject "basic-http" */ = {
			isa = XCConfigurationList;
			buildConfigurations = (
				E52701241B61E92900EC0BEB /* Debug */,
				E52701251B61E92900EC0BEB /* Release */,
			);
			defaultConfigurationIsVisible = 0;
			defaultConfigurationName = Release;
		};
		E52701261B61E92900EC0BEB /* Build configuration list for PBXNativeTarget "basic-http" */ = {
			isa = XCConfigurationList;
			buildConfigurations = (
				E52701271B61E92900EC0BEB /* Debug */,
				E52701281B61E92900EC0BEB /* Release */,
			);
			defaultConfigurationIsVisible = 0;
		};
		E52701291B61E92900EC0BEB /* Build configuration list for PBXNativeTarget "basic-httpTests" */ = {
			isa = XCConfigurationList;
			buildConfigurations = (
				E527012A1B61E92900EC0BEB /* Debug */,
				E527012B1B61E92900EC0BEB /* Release */,
			);
			defaultConfigurationIsVisible = 0;
		};
/* End XCConfigurationList section */
	};
	rootObject = E52700FF1B61E92800EC0BEB /* Project object */;
}
