// !$*UTF8*$!
{
	archiveVersion = 1;
	classes = {
	};
	objectVersion = 46;
	objects = {

/* Begin PBXBuildFile section */
		E514EB211CDB94060085F793 /* AppDelegate.swift in Sources */ = {isa = PBXBuildFile; fileRef = E514EB201CDB94060085F793 /* AppDelegate.swift */; };
		E514EB231CDB94060085F793 /* ViewController.swift in Sources */ = {isa = PBXBuildFile; fileRef = E514EB221CDB94060085F793 /* ViewController.swift */; };
		E514EB261CDB94060085F793 /* Main.storyboard in Resources */ = {isa = PBXBuildFile; fileRef = E514EB241CDB94060085F793 /* Main.storyboard */; };
		E514EB281CDB94060085F793 /* Assets.xcassets in Resources */ = {isa = PBXBuildFile; fileRef = E514EB271CDB94060085F793 /* Assets.xcassets */; };
		E514EB2B1CDB94060085F793 /* LaunchScreen.storyboard in Resources */ = {isa = PBXBuildFile; fileRef = E514EB291CDB94060085F793 /* LaunchScreen.storyboard */; };
		E5E1CE411CDE342700F28CD3 /* config.swift in Sources */ = {isa = PBXBuildFile; fileRef = E5E1CE401CDE342700F28CD3 /* config.swift */; };
		E5E1CE491CDE39FF00F28CD3 /* kit.swift in Sources */ = {isa = PBXBuildFile; fileRef = E5E1CE481CDE39FF00F28CD3 /* kit.swift */; };
		E5E70DA11CDDFC7B00D4AFF5 /* SnapKit.framework in Copy Frameworks */ = {isa = PBXBuildFile; fileRef = E5E70D911CDDF8B200D4AFF5 /* SnapKit.framework */; settings = {ATTRIBUTES = (CodeSignOnCopy, RemoveHeadersOnCopy, ); }; };
		E5E86B151CDF2C4B00E3DFA4 /* CallController.swift in Sources */ = {isa = PBXBuildFile; fileRef = E5E86B141CDF2C4B00E3DFA4 /* CallController.swift */; };
/* End PBXBuildFile section */

/* Begin PBXContainerItemProxy section */
		E5E70D901CDDF8B200D4AFF5 /* PBXContainerItemProxy */ = {
			isa = PBXContainerItemProxy;
			containerPortal = E5E70D861CDDF8B200D4AFF5 /* SnapKit.xcodeproj */;
			proxyType = 2;
			remoteGlobalIDString = EEBCC9D819CC627D0083B827;
			remoteInfo = "SnapKit iOS";
		};
		E5E70D921CDDF8B200D4AFF5 /* PBXContainerItemProxy */ = {
			isa = PBXContainerItemProxy;
			containerPortal = E5E70D861CDDF8B200D4AFF5 /* SnapKit.xcodeproj */;
			proxyType = 2;
			remoteGlobalIDString = 537DCE921C35CC8800B5B899;
			remoteInfo = "SnapKit tvOS";
		};
		E5E70D941CDDF8B200D4AFF5 /* PBXContainerItemProxy */ = {
			isa = PBXContainerItemProxy;
			containerPortal = E5E70D861CDDF8B200D4AFF5 /* SnapKit.xcodeproj */;
			proxyType = 2;
			remoteGlobalIDString = EECDB37A1AC0C9D4006BBC11;
			remoteInfo = "SnapKit OSX";
		};
		E5E70D961CDDF8B200D4AFF5 /* PBXContainerItemProxy */ = {
			isa = PBXContainerItemProxy;
			containerPortal = E5E70D861CDDF8B200D4AFF5 /* SnapKit.xcodeproj */;
			proxyType = 2;
			remoteGlobalIDString = EEBCC9E219CC627E0083B827;
			remoteInfo = "SnapKit iOS Tests";
		};
		E5E70D981CDDF8B200D4AFF5 /* PBXContainerItemProxy */ = {
			isa = PBXContainerItemProxy;
			containerPortal = E5E70D861CDDF8B200D4AFF5 /* SnapKit.xcodeproj */;
			proxyType = 2;
			remoteGlobalIDString = 537DCEAF1C35D90A00B5B899;
			remoteInfo = "SnapKit tvOS Tests";
		};
		E5E70D9A1CDDF8B200D4AFF5 /* PBXContainerItemProxy */ = {
			isa = PBXContainerItemProxy;
			containerPortal = E5E70D861CDDF8B200D4AFF5 /* SnapKit.xcodeproj */;
			proxyType = 2;
			remoteGlobalIDString = EECDB3841AC0C9D4006BBC11;
			remoteInfo = "SnapKit OSX Tests";
		};
		E5E70D9C1CDDF8B200D4AFF5 /* PBXContainerItemProxy */ = {
			isa = PBXContainerItemProxy;
			containerPortal = E5E70D861CDDF8B200D4AFF5 /* SnapKit.xcodeproj */;
			proxyType = 2;
			remoteGlobalIDString = 56A0DC091C859E30005973AB;
			remoteInfo = "Example-iOS";
		};
		E5E70D9E1CDDFBEE00D4AFF5 /* PBXContainerItemProxy */ = {
			isa = PBXContainerItemProxy;
			containerPortal = E5E70D861CDDF8B200D4AFF5 /* SnapKit.xcodeproj */;
			proxyType = 1;
			remoteGlobalIDString = EEBCC9D719CC627D0083B827;
			remoteInfo = "SnapKit iOS";
		};
/* End PBXContainerItemProxy section */

/* Begin PBXCopyFilesBuildPhase section */
		E5E70DA01CDDFC2000D4AFF5 /* Copy Frameworks */ = {
			isa = PBXCopyFilesBuildPhase;
			buildActionMask = 2147483647;
			dstPath = "";
			dstSubfolderSpec = 10;
			files = (
				E5E70DA11CDDFC7B00D4AFF5 /* SnapKit.framework in Copy Frameworks */,
			);
			name = "Copy Frameworks";
			runOnlyForDeploymentPostprocessing = 0;
		};
/* End PBXCopyFilesBuildPhase section */

/* Begin PBXFileReference section */
		E514EB1D1CDB94060085F793 /* hello-snapkit.app */ = {isa = PBXFileReference; explicitFileType = wrapper.application; includeInIndex = 0; path = "hello-snapkit.app"; sourceTree = BUILT_PRODUCTS_DIR; };
		E514EB201CDB94060085F793 /* AppDelegate.swift */ = {isa = PBXFileReference; lastKnownFileType = sourcecode.swift; path = AppDelegate.swift; sourceTree = "<group>"; };
		E514EB221CDB94060085F793 /* ViewController.swift */ = {isa = PBXFileReference; lastKnownFileType = sourcecode.swift; path = ViewController.swift; sourceTree = "<group>"; };
		E514EB251CDB94060085F793 /* Base */ = {isa = PBXFileReference; lastKnownFileType = file.storyboard; name = Base; path = Base.lproj/Main.storyboard; sourceTree = "<group>"; };
		E514EB271CDB94060085F793 /* Assets.xcassets */ = {isa = PBXFileReference; lastKnownFileType = folder.assetcatalog; path = Assets.xcassets; sourceTree = "<group>"; };
		E514EB2A1CDB94060085F793 /* Base */ = {isa = PBXFileReference; lastKnownFileType = file.storyboard; name = Base; path = Base.lproj/LaunchScreen.storyboard; sourceTree = "<group>"; };
		E514EB2C1CDB94060085F793 /* Info.plist */ = {isa = PBXFileReference; lastKnownFileType = text.plist.xml; path = Info.plist; sourceTree = "<group>"; };
		E5E1CE401CDE342700F28CD3 /* config.swift */ = {isa = PBXFileReference; fileEncoding = 4; lastKnownFileType = sourcecode.swift; path = config.swift; sourceTree = "<group>"; };
		E5E1CE481CDE39FF00F28CD3 /* kit.swift */ = {isa = PBXFileReference; fileEncoding = 4; lastKnownFileType = sourcecode.swift; path = kit.swift; sourceTree = "<group>"; };
		E5E70D861CDDF8B200D4AFF5 /* SnapKit.xcodeproj */ = {isa = PBXFileReference; lastKnownFileType = "wrapper.pb-project"; name = SnapKit.xcodeproj; path = SnapKit/SnapKit.xcodeproj; sourceTree = "<group>"; };
		E5E86B141CDF2C4B00E3DFA4 /* CallController.swift */ = {isa = PBXFileReference; fileEncoding = 4; lastKnownFileType = sourcecode.swift; path = CallController.swift; sourceTree = "<group>"; };
/* End PBXFileReference section */

/* Begin PBXFrameworksBuildPhase section */
		E514EB1A1CDB94060085F793 /* Frameworks */ = {
			isa = PBXFrameworksBuildPhase;
			buildActionMask = 2147483647;
			files = (
			);
			runOnlyForDeploymentPostprocessing = 0;
		};
/* End PBXFrameworksBuildPhase section */

/* Begin PBXGroup section */
		E514EB141CDB94060085F793 = {
			isa = PBXGroup;
			children = (
				E5E70D861CDDF8B200D4AFF5 /* SnapKit.xcodeproj */,
				E514EB1F1CDB94060085F793 /* hello-snapkit */,
				E514EB1E1CDB94060085F793 /* Products */,
			);
			sourceTree = "<group>";
		};
		E514EB1E1CDB94060085F793 /* Products */ = {
			isa = PBXGroup;
			children = (
				E514EB1D1CDB94060085F793 /* hello-snapkit.app */,
			);
			name = Products;
			sourceTree = "<group>";
		};
		E514EB1F1CDB94060085F793 /* hello-snapkit */ = {
			isa = PBXGroup;
			children = (
				E514EB201CDB94060085F793 /* AppDelegate.swift */,
				E514EB221CDB94060085F793 /* ViewController.swift */,
				E514EB241CDB94060085F793 /* Main.storyboard */,
				E514EB271CDB94060085F793 /* Assets.xcassets */,
				E514EB291CDB94060085F793 /* LaunchScreen.storyboard */,
				E514EB2C1CDB94060085F793 /* Info.plist */,
				E5E1CE401CDE342700F28CD3 /* config.swift */,
				E5E1CE481CDE39FF00F28CD3 /* kit.swift */,
				E5E86B141CDF2C4B00E3DFA4 /* CallController.swift */,
			);
			path = "hello-snapkit";
			sourceTree = "<group>";
		};
		E5E70D871CDDF8B200D4AFF5 /* Products */ = {
			isa = PBXGroup;
			children = (
				E5E70D911CDDF8B200D4AFF5 /* SnapKit.framework */,
				E5E70D931CDDF8B200D4AFF5 /* SnapKit.framework */,
				E5E70D951CDDF8B200D4AFF5 /* SnapKit.framework */,
				E5E70D971CDDF8B200D4AFF5 /* SnapKit iOS Tests.xctest */,
				E5E70D991CDDF8B200D4AFF5 /* SnapKit tvOS Tests.xctest */,
				E5E70D9B1CDDF8B200D4AFF5 /* SnapKit OSX Tests.xctest */,
				E5E70D9D1CDDF8B200D4AFF5 /* Example-iOS.app */,
			);
			name = Products;
			sourceTree = "<group>";
		};
/* End PBXGroup section */

/* Begin PBXNativeTarget section */
		E514EB1C1CDB94060085F793 /* hello-snapkit */ = {
			isa = PBXNativeTarget;
			buildConfigurationList = E514EB2F1CDB94060085F793 /* Build configuration list for PBXNativeTarget "hello-snapkit" */;
			buildPhases = (
				E514EB191CDB94060085F793 /* Sources */,
				E514EB1A1CDB94060085F793 /* Frameworks */,
				E514EB1B1CDB94060085F793 /* Resources */,
				E5E70DA01CDDFC2000D4AFF5 /* Copy Frameworks */,
			);
			buildRules = (
			);
			dependencies = (
				E5E70D9F1CDDFBEE00D4AFF5 /* PBXTargetDependency */,
			);
			name = "hello-snapkit";
			productName = "hello-snapkit";
			productReference = E514EB1D1CDB94060085F793 /* hello-snapkit.app */;
			productType = "com.apple.product-type.application";
		};
/* End PBXNativeTarget section */

/* Begin PBXProject section */
		E514EB151CDB94060085F793 /* Project object */ = {
			isa = PBXProject;
			attributes = {
				LastSwiftUpdateCheck = 0730;
				LastUpgradeCheck = 0730;
				ORGANIZATIONNAME = hx;
				TargetAttributes = {
					E514EB1C1CDB94060085F793 = {
						CreatedOnToolsVersion = 7.3.1;
					};
				};
			};
			buildConfigurationList = E514EB181CDB94060085F793 /* Build configuration list for PBXProject "hello-snapkit" */;
			compatibilityVersion = "Xcode 3.2";
			developmentRegion = English;
			hasScannedForEncodings = 0;
			knownRegions = (
				en,
				Base,
			);
			mainGroup = E514EB141CDB94060085F793;
			productRefGroup = E514EB1E1CDB94060085F793 /* Products */;
			projectDirPath = "";
			projectReferences = (
				{
					ProductGroup = E5E70D871CDDF8B200D4AFF5 /* Products */;
					ProjectRef = E5E70D861CDDF8B200D4AFF5 /* SnapKit.xcodeproj */;
				},
			);
			projectRoot = "";
			targets = (
				E514EB1C1CDB94060085F793 /* hello-snapkit */,
			);
		};
/* End PBXProject section */

/* Begin PBXReferenceProxy section */
		E5E70D911CDDF8B200D4AFF5 /* SnapKit.framework */ = {
			isa = PBXReferenceProxy;
			fileType = wrapper.framework;
			path = SnapKit.framework;
			remoteRef = E5E70D901CDDF8B200D4AFF5 /* PBXContainerItemProxy */;
			sourceTree = BUILT_PRODUCTS_DIR;
		};
		E5E70D931CDDF8B200D4AFF5 /* SnapKit.framework */ = {
			isa = PBXReferenceProxy;
			fileType = wrapper.framework;
			path = SnapKit.framework;
			remoteRef = E5E70D921CDDF8B200D4AFF5 /* PBXContainerItemProxy */;
			sourceTree = BUILT_PRODUCTS_DIR;
		};
		E5E70D951CDDF8B200D4AFF5 /* SnapKit.framework */ = {
			isa = PBXReferenceProxy;
			fileType = wrapper.framework;
			path = SnapKit.framework;
			remoteRef = E5E70D941CDDF8B200D4AFF5 /* PBXContainerItemProxy */;
			sourceTree = BUILT_PRODUCTS_DIR;
		};
		E5E70D971CDDF8B200D4AFF5 /* SnapKit iOS Tests.xctest */ = {
			isa = PBXReferenceProxy;
			fileType = wrapper.cfbundle;
			path = "SnapKit iOS Tests.xctest";
			remoteRef = E5E70D961CDDF8B200D4AFF5 /* PBXContainerItemProxy */;
			sourceTree = BUILT_PRODUCTS_DIR;
		};
		E5E70D991CDDF8B200D4AFF5 /* SnapKit tvOS Tests.xctest */ = {
			isa = PBXReferenceProxy;
			fileType = wrapper.cfbundle;
			path = "SnapKit tvOS Tests.xctest";
			remoteRef = E5E70D981CDDF8B200D4AFF5 /* PBXContainerItemProxy */;
			sourceTree = BUILT_PRODUCTS_DIR;
		};
		E5E70D9B1CDDF8B200D4AFF5 /* SnapKit OSX Tests.xctest */ = {
			isa = PBXReferenceProxy;
			fileType = wrapper.cfbundle;
			path = "SnapKit OSX Tests.xctest";
			remoteRef = E5E70D9A1CDDF8B200D4AFF5 /* PBXContainerItemProxy */;
			sourceTree = BUILT_PRODUCTS_DIR;
		};
		E5E70D9D1CDDF8B200D4AFF5 /* Example-iOS.app */ = {
			isa = PBXReferenceProxy;
			fileType = wrapper.application;
			path = "Example-iOS.app";
			remoteRef = E5E70D9C1CDDF8B200D4AFF5 /* PBXContainerItemProxy */;
			sourceTree = BUILT_PRODUCTS_DIR;
		};
/* End PBXReferenceProxy section */

/* Begin PBXResourcesBuildPhase section */
		E514EB1B1CDB94060085F793 /* Resources */ = {
			isa = PBXResourcesBuildPhase;
			buildActionMask = 2147483647;
			files = (
				E514EB2B1CDB94060085F793 /* LaunchScreen.storyboard in Resources */,
				E514EB281CDB94060085F793 /* Assets.xcassets in Resources */,
				E514EB261CDB94060085F793 /* Main.storyboard in Resources */,
			);
			runOnlyForDeploymentPostprocessing = 0;
		};
/* End PBXResourcesBuildPhase section */

/* Begin PBXSourcesBuildPhase section */
		E514EB191CDB94060085F793 /* Sources */ = {
			isa = PBXSourcesBuildPhase;
			buildActionMask = 2147483647;
			files = (
				E5E1CE491CDE39FF00F28CD3 /* kit.swift in Sources */,
				E5E86B151CDF2C4B00E3DFA4 /* CallController.swift in Sources */,
				E5E1CE411CDE342700F28CD3 /* config.swift in Sources */,
				E514EB231CDB94060085F793 /* ViewController.swift in Sources */,
				E514EB211CDB94060085F793 /* AppDelegate.swift in Sources */,
			);
			runOnlyForDeploymentPostprocessing = 0;
		};
/* End PBXSourcesBuildPhase section */

/* Begin PBXTargetDependency section */
		E5E70D9F1CDDFBEE00D4AFF5 /* PBXTargetDependency */ = {
			isa = PBXTargetDependency;
			name = "SnapKit iOS";
			targetProxy = E5E70D9E1CDDFBEE00D4AFF5 /* PBXContainerItemProxy */;
		};
/* End PBXTargetDependency section */

/* Begin PBXVariantGroup section */
		E514EB241CDB94060085F793 /* Main.storyboard */ = {
			isa = PBXVariantGroup;
			children = (
				E514EB251CDB94060085F793 /* Base */,
			);
			name = Main.storyboard;
			sourceTree = "<group>";
		};
		E514EB291CDB94060085F793 /* LaunchScreen.storyboard */ = {
			isa = PBXVariantGroup;
			children = (
				E514EB2A1CDB94060085F793 /* Base */,
			);
			name = LaunchScreen.storyboard;
			sourceTree = "<group>";
		};
/* End PBXVariantGroup section */

/* Begin XCBuildConfiguration section */
		E514EB2D1CDB94060085F793 /* Debug */ = {
			isa = XCBuildConfiguration;
			buildSettings = {
				ALWAYS_SEARCH_USER_PATHS = NO;
				CLANG_ANALYZER_NONNULL = YES;
				CLANG_CXX_LANGUAGE_STANDARD = "gnu++0x";
				CLANG_CXX_LIBRARY = "libc++";
				CLANG_ENABLE_MODULES = YES;
				CLANG_ENABLE_OBJC_ARC = YES;
				CLANG_WARN_BOOL_CONVERSION = YES;
				CLANG_WARN_CONSTANT_CONVERSION = YES;
				CLANG_WARN_DIRECT_OBJC_ISA_USAGE = YES_ERROR;
				CLANG_WARN_EMPTY_BODY = YES;
				CLANG_WARN_ENUM_CONVERSION = YES;
				CLANG_WARN_INT_CONVERSION = YES;
				CLANG_WARN_OBJC_ROOT_CLASS = YES_ERROR;
				CLANG_WARN_UNREACHABLE_CODE = YES;
				CLANG_WARN__DUPLICATE_METHOD_MATCH = YES;
				"CODE_SIGN_IDENTITY[sdk=iphoneos*]" = "iPhone Developer";
				COPY_PHASE_STRIP = NO;
				DEBUG_INFORMATION_FORMAT = dwarf;
				ENABLE_STRICT_OBJC_MSGSEND = YES;
				ENABLE_TESTABILITY = YES;
				GCC_C_LANGUAGE_STANDARD = gnu99;
				GCC_DYNAMIC_NO_PIC = NO;
				GCC_NO_COMMON_BLOCKS = YES;
				GCC_OPTIMIZATION_LEVEL = 0;
				GCC_PREPROCESSOR_DEFINITIONS = (
					"DEBUG=1",
					"$(inherited)",
				);
				GCC_WARN_64_TO_32_BIT_CONVERSION = YES;
				GCC_WARN_ABOUT_RETURN_TYPE = YES_ERROR;
				GCC_WARN_UNDECLARED_SELECTOR = YES;
				GCC_WARN_UNINITIALIZED_AUTOS = YES_AGGRESSIVE;
				GCC_WARN_UNUSED_FUNCTION = YES;
				GCC_WARN_UNUSED_VARIABLE = YES;
				IPHONEOS_DEPLOYMENT_TARGET = 9.3;
				MTL_ENABLE_DEBUG_INFO = YES;
				ONLY_ACTIVE_ARCH = YES;
				SDKROOT = iphoneos;
				SWIFT_OPTIMIZATION_LEVEL = "-Onone";
			};
			name = Debug;
		};
		E514EB2E1CDB94060085F793 /* Release */ = {
			isa = XCBuildConfiguration;
			buildSettings = {
				ALWAYS_SEARCH_USER_PATHS = NO;
				CLANG_ANALYZER_NONNULL = YES;
				CLANG_CXX_LANGUAGE_STANDARD = "gnu++0x";
				CLANG_CXX_LIBRARY = "libc++";
				CLANG_ENABLE_MODULES = YES;
				CLANG_ENABLE_OBJC_ARC = YES;
				CLANG_WARN_BOOL_CONVERSION = YES;
				CLANG_WARN_CONSTANT_CONVERSION = YES;
				CLANG_WARN_DIRECT_OBJC_ISA_USAGE = YES_ERROR;
				CLANG_WARN_EMPTY_BODY = YES;
				CLANG_WARN_ENUM_CONVERSION = YES;
				CLANG_WARN_INT_CONVERSION = YES;
				CLANG_WARN_OBJC_ROOT_CLASS = YES_ERROR;
				CLANG_WARN_UNREACHABLE_CODE = YES;
				CLANG_WARN__DUPLICATE_METHOD_MATCH = YES;
				"CODE_SIGN_IDENTITY[sdk=iphoneos*]" = "iPhone Developer";
				COPY_PHASE_STRIP = NO;
				DEBUG_INFORMATION_FORMAT = "dwarf-with-dsym";
				ENABLE_NS_ASSERTIONS = NO;
				ENABLE_STRICT_OBJC_MSGSEND = YES;
				GCC_C_LANGUAGE_STANDARD = gnu99;
				GCC_NO_COMMON_BLOCKS = YES;
				GCC_WARN_64_TO_32_BIT_CONVERSION = YES;
				GCC_WARN_ABOUT_RETURN_TYPE = YES_ERROR;
				GCC_WARN_UNDECLARED_SELECTOR = YES;
				GCC_WARN_UNINITIALIZED_AUTOS = YES_AGGRESSIVE;
				GCC_WARN_UNUSED_FUNCTION = YES;
				GCC_WARN_UNUSED_VARIABLE = YES;
				IPHONEOS_DEPLOYMENT_TARGET = 9.3;
				MTL_ENABLE_DEBUG_INFO = NO;
				SDKROOT = iphoneos;
				VALIDATE_PRODUCT = YES;
			};
			name = Release;
		};
		E514EB301CDB94060085F793 /* Debug */ = {
			isa = XCBuildConfiguration;
			buildSettings = {
				ASSETCATALOG_COMPILER_APPICON_NAME = AppIcon;
				INFOPLIST_FILE = "hello-snapkit/Info.plist";
				LD_RUNPATH_SEARCH_PATHS = "$(inherited) @executable_path/Frameworks";
				PRODUCT_BUNDLE_IDENTIFIER = "hx.hello-snapkit";
				PRODUCT_NAME = "$(TARGET_NAME)";
			};
			name = Debug;
		};
		E514EB311CDB94060085F793 /* Release */ = {
			isa = XCBuildConfiguration;
			buildSettings = {
				ASSETCATALOG_COMPILER_APPICON_NAME = AppIcon;
				INFOPLIST_FILE = "hello-snapkit/Info.plist";
				LD_RUNPATH_SEARCH_PATHS = "$(inherited) @executable_path/Frameworks";
				PRODUCT_BUNDLE_IDENTIFIER = "hx.hello-snapkit";
				PRODUCT_NAME = "$(TARGET_NAME)";
			};
			name = Release;
		};
/* End XCBuildConfiguration section */

/* Begin XCConfigurationList section */
		E514EB181CDB94060085F793 /* Build configuration list for PBXProject "hello-snapkit" */ = {
			isa = XCConfigurationList;
			buildConfigurations = (
				E514EB2D1CDB94060085F793 /* Debug */,
				E514EB2E1CDB94060085F793 /* Release */,
			);
			defaultConfigurationIsVisible = 0;
			defaultConfigurationName = Release;
		};
		E514EB2F1CDB94060085F793 /* Build configuration list for PBXNativeTarget "hello-snapkit" */ = {
			isa = XCConfigurationList;
			buildConfigurations = (
				E514EB301CDB94060085F793 /* Debug */,
				E514EB311CDB94060085F793 /* Release */,
			);
			defaultConfigurationIsVisible = 0;
			defaultConfigurationName = Release;
		};
/* End XCConfigurationList section */
	};
	rootObject = E514EB151CDB94060085F793 /* Project object */;
}
